// !$*UTF8*$!
{
	archiveVersion = 1;
	classes = {
	};
	objectVersion = 46;
	objects = {

/* Begin PBXBuildFile section */
		11098A7B1E65717C00AC2497 /* URLProtocolTest.m in Sources */ = {isa = PBXBuildFile; fileRef = 11098A7A1E65717C00AC2497 /* URLProtocolTest.m */; };
		11098A821E657ADE00AC2497 /* URLProtocolTestViewController.m in Sources */ = {isa = PBXBuildFile; fileRef = 11098A801E657ADE00AC2497 /* URLProtocolTestViewController.m */; };
		11098A831E657ADE00AC2497 /* URLProtocolTestViewController.xib in Resources */ = {isa = PBXBuildFile; fileRef = 11098A811E657ADE00AC2497 /* URLProtocolTestViewController.xib */; };
		11098A861E65844E00AC2497 /* NSURLProtocol+WebKitSupport.m in Sources */ = {isa = PBXBuildFile; fileRef = 11098A851E65844E00AC2497 /* NSURLProtocol+WebKitSupport.m */; };
		11098AC11E67AECC00AC2497 /* ZTRuntimeUtil.m in Sources */ = {isa = PBXBuildFile; fileRef = 11098AC01E67AECC00AC2497 /* ZTRuntimeUtil.m */; };
		11098AC41E67BE9700AC2497 /* UIKitTestViewController.m in Sources */ = {isa = PBXBuildFile; fileRef = 11098AC31E67BE9700AC2497 /* UIKitTestViewController.m */; };
		11098AC61E67C10D00AC2497 /* UIKitTestViewController.xib in Resources */ = {isa = PBXBuildFile; fileRef = 11098AC51E67C10D00AC2497 /* UIKitTestViewController.xib */; };
		11098ACA1E681BF700AC2497 /* TestMultiItemsViewController.m in Sources */ = {isa = PBXBuildFile; fileRef = 11098AC91E681BF700AC2497 /* TestMultiItemsViewController.m */; };
		11098ACC1E681C2600AC2497 /* TestMultiVC.xib in Resources */ = {isa = PBXBuildFile; fileRef = 11098ACB1E681C2600AC2497 /* TestMultiVC.xib */; };
		1121AA291E778BD700D6DE06 /* ThreeDTransformViewController.xib in Resources */ = {isa = PBXBuildFile; fileRef = 1121AA281E778BD700D6DE06 /* ThreeDTransformViewController.xib */; };
		1121AA2C1E778C4C00D6DE06 /* ThreeDTransformViewController.m in Sources */ = {isa = PBXBuildFile; fileRef = 1121AA2B1E778C4C00D6DE06 /* ThreeDTransformViewController.m */; };
		1121AA311E77970A00D6DE06 /* CubeTransformViewController.m in Sources */ = {isa = PBXBuildFile; fileRef = 1121AA301E77970A00D6DE06 /* CubeTransformViewController.m */; };
		1121AA331E77971D00D6DE06 /* CubeTransformViewController.xib in Resources */ = {isa = PBXBuildFile; fileRef = 1121AA321E77971D00D6DE06 /* CubeTransformViewController.xib */; };
		1121AA401E78E3C400D6DE06 /* TestExtraFieldViewController.m in Sources */ = {isa = PBXBuildFile; fileRef = 1121AA3D1E78E3C400D6DE06 /* TestExtraFieldViewController.m */; };
		1121AA411E78E3C400D6DE06 /* TestExtraFieldViewController.xib in Resources */ = {isa = PBXBuildFile; fileRef = 1121AA3E1E78E3C400D6DE06 /* TestExtraFieldViewController.xib */; };
		1121AA451E78E3EB00D6DE06 /* GradientTestViewController.m in Sources */ = {isa = PBXBuildFile; fileRef = 1121AA431E78E3EB00D6DE06 /* GradientTestViewController.m */; };
		1121AA461E78E3EB00D6DE06 /* GradientTestViewController.xib in Resources */ = {isa = PBXBuildFile; fileRef = 1121AA441E78E3EB00D6DE06 /* GradientTestViewController.xib */; };
		1121AA481E78E4BE00D6DE06 /* Assets 10-55-22-769.xcassets in Resources */ = {isa = PBXBuildFile; fileRef = 1121AA471E78E4BE00D6DE06 /* Assets 10-55-22-769.xcassets */; };
		112C5E181E36F81D0047DFB4 /* File in Resources */ = {isa = PBXBuildFile; fileRef = 112C5E171E36F81D0047DFB4 /* File */; };
		114D2A891E63F3A900EDBCAE /* TestKeychainViewController.m in Sources */ = {isa = PBXBuildFile; fileRef = 114D2A871E63F3A900EDBCAE /* TestKeychainViewController.m */; };
		114D2A8A1E63F3A900EDBCAE /* TestKeychainViewController.xib in Resources */ = {isa = PBXBuildFile; fileRef = 114D2A881E63F3A900EDBCAE /* TestKeychainViewController.xib */; };
		114D2A8C1E63F41400EDBCAE /* Security.framework in Frameworks */ = {isa = PBXBuildFile; fileRef = 114D2A8B1E63F41400EDBCAE /* Security.framework */; };
		114D2A8F1E63FD1900EDBCAE /* ZTKeychainUtil.m in Sources */ = {isa = PBXBuildFile; fileRef = 114D2A8E1E63FD1900EDBCAE /* ZTKeychainUtil.m */; };
		114E342A1E5E772B0035B8DA /* PythonTestViewController.m in Sources */ = {isa = PBXBuildFile; fileRef = 114E34291E5E772B0035B8DA /* PythonTestViewController.m */; };
		114E342C1E5E773C0035B8DA /* Annotation in Resources */ = {isa = PBXBuildFile; fileRef = 114E342B1E5E773C0035B8DA /* Annotation */; };
		114E343E1E5E89B50035B8DA /* MultiThreadDownloadViewController.m in Sources */ = {isa = PBXBuildFile; fileRef = 114E343D1E5E89B50035B8DA /* MultiThreadDownloadViewController.m */; };
		114E34421E5EC5F40035B8DA /* MultiThread.xib in Resources */ = {isa = PBXBuildFile; fileRef = 114E34411E5EC5F40035B8DA /* MultiThread.xib */; };
		114E34451E5ED84C0035B8DA /* MultiThreadDownloadManager.m in Sources */ = {isa = PBXBuildFile; fileRef = 114E34441E5ED84C0035B8DA /* MultiThreadDownloadManager.m */; };
		114E34481E5EE1F20035B8DA /* Enum.m in Sources */ = {isa = PBXBuildFile; fileRef = 114E34471E5EE1F20035B8DA /* Enum.m */; };
		114E344B1E5EEA100035B8DA /* MultiThreadDownloader.m in Sources */ = {isa = PBXBuildFile; fileRef = 114E344A1E5EEA100035B8DA /* MultiThreadDownloader.m */; };
		1162C13E1E71469000D25FDD /* UploadImageViewController.m in Sources */ = {isa = PBXBuildFile; fileRef = 1162C13C1E71469000D25FDD /* UploadImageViewController.m */; };
		1162C13F1E71469000D25FDD /* UploadImageViewController.xib in Resources */ = {isa = PBXBuildFile; fileRef = 1162C13D1E71469000D25FDD /* UploadImageViewController.xib */; };
		1162C1421E714F2300D25FDD /* PostBodyMakerUtil.m in Sources */ = {isa = PBXBuildFile; fileRef = 1162C1411E714F2300D25FDD /* PostBodyMakerUtil.m */; };
		1162C1461E72AB3700D25FDD /* TestStillMethod.m in Sources */ = {isa = PBXBuildFile; fileRef = 1162C1451E72AB3700D25FDD /* TestStillMethod.m */; };
		11675F001E602FDB00DD5E52 /* TimersTestViewController.m in Sources */ = {isa = PBXBuildFile; fileRef = 11675EFF1E602FDB00DD5E52 /* TimersTestViewController.m */; };
		11B7A8EF1E52DAA000C8A2E0 /* HandleStringViewController.m in Sources */ = {isa = PBXBuildFile; fileRef = 11B7A8EE1E52DAA000C8A2E0 /* HandleStringViewController.m */; };
		11B7A9181E53F70C00C8A2E0 /* WKWebViewTestViewController.m in Sources */ = {isa = PBXBuildFile; fileRef = 11B7A9171E53F70C00C8A2E0 /* WKWebViewTestViewController.m */; };
		11B7A91F1E543F0D00C8A2E0 /* BaiduAPITestViewController.m in Sources */ = {isa = PBXBuildFile; fileRef = 11B7A91E1E543F0D00C8A2E0 /* BaiduAPITestViewController.m */; };
		11B7A9221E543FF500C8A2E0 /* Assist.m in Sources */ = {isa = PBXBuildFile; fileRef = 11B7A9211E543FF500C8A2E0 /* Assist.m */; };
		11B7A9261E55481A00C8A2E0 /* LottieTestViewController.m in Sources */ = {isa = PBXBuildFile; fileRef = 11B7A9251E55481A00C8A2E0 /* LottieTestViewController.m */; };
		11B7A92A1E56A93B00C8A2E0 /* URLComponentTestViewController.m in Sources */ = {isa = PBXBuildFile; fileRef = 11B7A9291E56A93B00C8A2E0 /* URLComponentTestViewController.m */; };
		11B7A92D1E56AE9000C8A2E0 /* TestNSPredicate.m in Sources */ = {isa = PBXBuildFile; fileRef = 11B7A92C1E56AE9000C8A2E0 /* TestNSPredicate.m */; };
		11B7A93B1E5AD6B800C8A2E0 /* TestParam.m in Sources */ = {isa = PBXBuildFile; fileRef = 11B7A93A1E5AD6B800C8A2E0 /* TestParam.m */; };
		11B7A93E1E5AD74300C8A2E0 /* TestParamViewController.m in Sources */ = {isa = PBXBuildFile; fileRef = 11B7A93D1E5AD74300C8A2E0 /* TestParamViewController.m */; };
		11B7A9411E5BE18000C8A2E0 /* CategoryTestViewController.m in Sources */ = {isa = PBXBuildFile; fileRef = 11B7A9401E5BE18000C8A2E0 /* CategoryTestViewController.m */; };
		11B7A9491E5BF67A00C8A2E0 /* CancellerGCD.m in Sources */ = {isa = PBXBuildFile; fileRef = 11B7A9481E5BF67A00C8A2E0 /* CancellerGCD.m */; };
		11B7A94D1E5C109400C8A2E0 /* TestDictionaryViewController.m in Sources */ = {isa = PBXBuildFile; fileRef = 11B7A94C1E5C109400C8A2E0 /* TestDictionaryViewController.m */; };
		11B7A9501E5C390F00C8A2E0 /* File in Resources */ = {isa = PBXBuildFile; fileRef = 11B7A94F1E5C390F00C8A2E0 /* File */; };
		11B7A9531E5D2F3900C8A2E0 /* WKWebViewAnotherTestViewController.m in Sources */ = {isa = PBXBuildFile; fileRef = 11B7A9521E5D2F3900C8A2E0 /* WKWebViewAnotherTestViewController.m */; };
		11D0CB8F1E347758008A12C3 /* GestureTestViewController.m in Sources */ = {isa = PBXBuildFile; fileRef = 11D0CB8E1E347758008A12C3 /* GestureTestViewController.m */; };
		11D68CF61E700DF6006FCDC3 /* AppiumViewController.m in Sources */ = {isa = PBXBuildFile; fileRef = 11D68CF41E700DF6006FCDC3 /* AppiumViewController.m */; };
		11D68CF71E700DF6006FCDC3 /* AppiumViewController.xib in Resources */ = {isa = PBXBuildFile; fileRef = 11D68CF51E700DF6006FCDC3 /* AppiumViewController.xib */; };
		11F649A11E794A56000E6FEE /* CompilTestViewController.m in Sources */ = {isa = PBXBuildFile; fileRef = 11F6499F1E794A56000E6FEE /* CompilTestViewController.m */; };
		11F649A21E794A56000E6FEE /* CompilTestViewController.xib in Resources */ = {isa = PBXBuildFile; fileRef = 11F649A01E794A56000E6FEE /* CompilTestViewController.xib */; };
		11F649AA1E7A3C23000E6FEE /* ScrollInteractViewController.m in Sources */ = {isa = PBXBuildFile; fileRef = 11F649A81E7A3C23000E6FEE /* ScrollInteractViewController.m */; };
		11F649AB1E7A3C23000E6FEE /* ScrollInteractViewController.xib in Resources */ = {isa = PBXBuildFile; fileRef = 11F649A91E7A3C23000E6FEE /* ScrollInteractViewController.xib */; };
		11F649B01E7A60C5000E6FEE /* AntiAliasingViewController.m in Sources */ = {isa = PBXBuildFile; fileRef = 11F649AE1E7A60C5000E6FEE /* AntiAliasingViewController.m */; };
		11F649B11E7A60C5000E6FEE /* AntiAliasingViewController.xib in Resources */ = {isa = PBXBuildFile; fileRef = 11F649AF1E7A60C5000E6FEE /* AntiAliasingViewController.xib */; };
		11FBAA621E31BAA5005D5276 /* NSPredicateTestViewController.m in Sources */ = {isa = PBXBuildFile; fileRef = 11FBAA611E31BAA5005D5276 /* NSPredicateTestViewController.m */; };
		2B5FD095D1E0A97018162BE2 /* libPods-TestAboutALL.a in Frameworks */ = {isa = PBXBuildFile; fileRef = F5B2D805B2D10113BA9FA9F5 /* libPods-TestAboutALL.a */; };
		B64246451DC869610006E812 /* SSTableViewController.m in Sources */ = {isa = PBXBuildFile; fileRef = B64246441DC869610006E812 /* SSTableViewController.m */; };
		B64246481DC869950006E812 /* SSTableViewDataSource.m in Sources */ = {isa = PBXBuildFile; fileRef = B64246471DC869950006E812 /* SSTableViewDataSource.m */; };
		B6724B481DEECAAB00EC6DE4 /* NSObject+TestAboutMethodSwizzling.m in Sources */ = {isa = PBXBuildFile; fileRef = B6724B471DEECAAB00EC6DE4 /* NSObject+TestAboutMethodSwizzling.m */; };
		B67C16D81E2DB9260005E718 /* CopyAndMuttableCopyViewController.m in Sources */ = {isa = PBXBuildFile; fileRef = B67C16D71E2DB9260005E718 /* CopyAndMuttableCopyViewController.m */; };
		B6E780D41E1609B300C37950 /* TestViewController.m in Sources */ = {isa = PBXBuildFile; fileRef = B6E780D31E1609B300C37950 /* TestViewController.m */; };
		B6E780D71E1609C400C37950 /* TestNSOperation.m in Sources */ = {isa = PBXBuildFile; fileRef = B6E780D61E1609C400C37950 /* TestNSOperation.m */; };
		B6E780DE1E16444D00C37950 /* TestRunLoopAndWhileViewController.m in Sources */ = {isa = PBXBuildFile; fileRef = B6E780DD1E16444D00C37950 /* TestRunLoopAndWhileViewController.m */; };
		B6EA7C221DCB3AC100EBDF72 /* MyViewController.m in Sources */ = {isa = PBXBuildFile; fileRef = B6EA7C211DCB3AC100EBDF72 /* MyViewController.m */; };
		B6EA7DF11DD0157200EBDF72 /* LifeCycleTableViewController.m in Sources */ = {isa = PBXBuildFile; fileRef = B6EA7DF01DD0157200EBDF72 /* LifeCycleTableViewController.m */; };
		B6EC74AE1DBF126300B90B88 /* main.m in Sources */ = {isa = PBXBuildFile; fileRef = B6EC74AD1DBF126300B90B88 /* main.m */; };
		B6EC74B11DBF126300B90B88 /* AppDelegate.m in Sources */ = {isa = PBXBuildFile; fileRef = B6EC74B01DBF126300B90B88 /* AppDelegate.m */; };
		B6EC74B41DBF126300B90B88 /* ViewController.m in Sources */ = {isa = PBXBuildFile; fileRef = B6EC74B31DBF126300B90B88 /* ViewController.m */; };
		B6EC74B71DBF126300B90B88 /* Main.storyboard in Resources */ = {isa = PBXBuildFile; fileRef = B6EC74B51DBF126300B90B88 /* Main.storyboard */; };
		B6EC74BC1DBF126300B90B88 /* LaunchScreen.storyboard in Resources */ = {isa = PBXBuildFile; fileRef = B6EC74BA1DBF126300B90B88 /* LaunchScreen.storyboard */; };
		B6EC74D41DBF1DA100B90B88 /* NSObject+Category4NSObjectTestRuntime.m in Sources */ = {isa = PBXBuildFile; fileRef = B6EC74D21DBF1DA100B90B88 /* NSObject+Category4NSObjectTestRuntime.m */; };
		B6EC74D71DBF1DD200B90B88 /* NSObject+MiddleVar.m in Sources */ = {isa = PBXBuildFile; fileRef = B6EC74D61DBF1DD200B90B88 /* NSObject+MiddleVar.m */; };
		B6EC74DE1DBF2FBE00B90B88 /* TableViewController.m in Sources */ = {isa = PBXBuildFile; fileRef = B6EC74DC1DBF2FBE00B90B88 /* TableViewController.m */; };
		B6EC74DF1DBF2FBE00B90B88 /* TableViewController.xib in Resources */ = {isa = PBXBuildFile; fileRef = B6EC74DD1DBF2FBE00B90B88 /* TableViewController.xib */; };
		B6EC74E21DBF2FF900B90B88 /* ArrayDataSource.m in Sources */ = {isa = PBXBuildFile; fileRef = B6EC74E11DBF2FF900B90B88 /* ArrayDataSource.m */; };
		B6EC74E81DBF3A0500B90B88 /* Model.m in Sources */ = {isa = PBXBuildFile; fileRef = B6EC74E71DBF3A0500B90B88 /* Model.m */; };
		B6EC74ED1DBF4ED200B90B88 /* KVOTest.m in Sources */ = {isa = PBXBuildFile; fileRef = B6EC74EC1DBF4ED200B90B88 /* KVOTest.m */; };
		B6EC74F01DBF4F5C00B90B88 /* objClass.m in Sources */ = {isa = PBXBuildFile; fileRef = B6EC74EF1DBF4F5C00B90B88 /* objClass.m */; };
		B6EC74F31DBF53ED00B90B88 /* KVOViewController.m in Sources */ = {isa = PBXBuildFile; fileRef = B6EC74F21DBF53ED00B90B88 /* KVOViewController.m */; };
/* End PBXBuildFile section */

/* Begin PBXCopyFilesBuildPhase section */
		114E34351E5E80DB0035B8DA /* Embed Frameworks */ = {
			isa = PBXCopyFilesBuildPhase;
			buildActionMask = 2147483647;
			dstPath = "";
			dstSubfolderSpec = 10;
			files = (
			);
			name = "Embed Frameworks";
			runOnlyForDeploymentPostprocessing = 0;
		};
/* End PBXCopyFilesBuildPhase section */

/* Begin PBXFileReference section */
		11098A791E65717C00AC2497 /* URLProtocolTest.h */ = {isa = PBXFileReference; fileEncoding = 4; lastKnownFileType = sourcecode.c.h; path = URLProtocolTest.h; sourceTree = "<group>"; };
		11098A7A1E65717C00AC2497 /* URLProtocolTest.m */ = {isa = PBXFileReference; fileEncoding = 4; lastKnownFileType = sourcecode.c.objc; path = URLProtocolTest.m; sourceTree = "<group>"; };
		11098A7F1E657ADE00AC2497 /* URLProtocolTestViewController.h */ = {isa = PBXFileReference; fileEncoding = 4; lastKnownFileType = sourcecode.c.h; path = URLProtocolTestViewController.h; sourceTree = "<group>"; };
		11098A801E657ADE00AC2497 /* URLProtocolTestViewController.m */ = {isa = PBXFileReference; fileEncoding = 4; lastKnownFileType = sourcecode.c.objc; path = URLProtocolTestViewController.m; sourceTree = "<group>"; };
		11098A811E657ADE00AC2497 /* URLProtocolTestViewController.xib */ = {isa = PBXFileReference; fileEncoding = 4; lastKnownFileType = file.xib; path = URLProtocolTestViewController.xib; sourceTree = "<group>"; };
		11098A841E65844E00AC2497 /* NSURLProtocol+WebKitSupport.h */ = {isa = PBXFileReference; fileEncoding = 4; lastKnownFileType = sourcecode.c.h; path = "NSURLProtocol+WebKitSupport.h"; sourceTree = "<group>"; };
		11098A851E65844E00AC2497 /* NSURLProtocol+WebKitSupport.m */ = {isa = PBXFileReference; fileEncoding = 4; lastKnownFileType = sourcecode.c.objc; path = "NSURLProtocol+WebKitSupport.m"; sourceTree = "<group>"; };
		11098ABF1E67AECC00AC2497 /* ZTRuntimeUtil.h */ = {isa = PBXFileReference; fileEncoding = 4; lastKnownFileType = sourcecode.c.h; path = ZTRuntimeUtil.h; sourceTree = "<group>"; };
		11098AC01E67AECC00AC2497 /* ZTRuntimeUtil.m */ = {isa = PBXFileReference; fileEncoding = 4; lastKnownFileType = sourcecode.c.objc; path = ZTRuntimeUtil.m; sourceTree = "<group>"; };
		11098AC21E67BE9700AC2497 /* UIKitTestViewController.h */ = {isa = PBXFileReference; fileEncoding = 4; lastKnownFileType = sourcecode.c.h; path = UIKitTestViewController.h; sourceTree = "<group>"; };
		11098AC31E67BE9700AC2497 /* UIKitTestViewController.m */ = {isa = PBXFileReference; fileEncoding = 4; lastKnownFileType = sourcecode.c.objc; path = UIKitTestViewController.m; sourceTree = "<group>"; };
		11098AC51E67C10D00AC2497 /* UIKitTestViewController.xib */ = {isa = PBXFileReference; fileEncoding = 4; lastKnownFileType = file.xib; path = UIKitTestViewController.xib; sourceTree = "<group>"; };
		11098AC81E681BF700AC2497 /* TestMultiItemsViewController.h */ = {isa = PBXFileReference; fileEncoding = 4; lastKnownFileType = sourcecode.c.h; path = TestMultiItemsViewController.h; sourceTree = "<group>"; };
		11098AC91E681BF700AC2497 /* TestMultiItemsViewController.m */ = {isa = PBXFileReference; fileEncoding = 4; lastKnownFileType = sourcecode.c.objc; path = TestMultiItemsViewController.m; sourceTree = "<group>"; };
		11098ACB1E681C2600AC2497 /* TestMultiVC.xib */ = {isa = PBXFileReference; fileEncoding = 4; lastKnownFileType = file.xib; path = TestMultiVC.xib; sourceTree = "<group>"; };
		1121AA281E778BD700D6DE06 /* ThreeDTransformViewController.xib */ = {isa = PBXFileReference; fileEncoding = 4; lastKnownFileType = file.xib; path = ThreeDTransformViewController.xib; sourceTree = "<group>"; };
		1121AA2A1E778C4C00D6DE06 /* ThreeDTransformViewController.h */ = {isa = PBXFileReference; fileEncoding = 4; lastKnownFileType = sourcecode.c.h; path = ThreeDTransformViewController.h; sourceTree = "<group>"; };
		1121AA2B1E778C4C00D6DE06 /* ThreeDTransformViewController.m */ = {isa = PBXFileReference; fileEncoding = 4; lastKnownFileType = sourcecode.c.objc; path = ThreeDTransformViewController.m; sourceTree = "<group>"; };
		1121AA2F1E77970A00D6DE06 /* CubeTransformViewController.h */ = {isa = PBXFileReference; fileEncoding = 4; lastKnownFileType = sourcecode.c.h; path = CubeTransformViewController.h; sourceTree = "<group>"; };
		1121AA301E77970A00D6DE06 /* CubeTransformViewController.m */ = {isa = PBXFileReference; fileEncoding = 4; lastKnownFileType = sourcecode.c.objc; path = CubeTransformViewController.m; sourceTree = "<group>"; };
		1121AA321E77971D00D6DE06 /* CubeTransformViewController.xib */ = {isa = PBXFileReference; fileEncoding = 4; lastKnownFileType = file.xib; path = CubeTransformViewController.xib; sourceTree = "<group>"; };
		1121AA3C1E78E3C400D6DE06 /* TestExtraFieldViewController.h */ = {isa = PBXFileReference; fileEncoding = 4; lastKnownFileType = sourcecode.c.h; path = TestExtraFieldViewController.h; sourceTree = "<group>"; };
		1121AA3D1E78E3C400D6DE06 /* TestExtraFieldViewController.m */ = {isa = PBXFileReference; fileEncoding = 4; lastKnownFileType = sourcecode.c.objc; path = TestExtraFieldViewController.m; sourceTree = "<group>"; };
		1121AA3E1E78E3C400D6DE06 /* TestExtraFieldViewController.xib */ = {isa = PBXFileReference; fileEncoding = 4; lastKnownFileType = file.xib; path = TestExtraFieldViewController.xib; sourceTree = "<group>"; };
		1121AA421E78E3EB00D6DE06 /* GradientTestViewController.h */ = {isa = PBXFileReference; fileEncoding = 4; lastKnownFileType = sourcecode.c.h; path = GradientTestViewController.h; sourceTree = "<group>"; };
		1121AA431E78E3EB00D6DE06 /* GradientTestViewController.m */ = {isa = PBXFileReference; fileEncoding = 4; lastKnownFileType = sourcecode.c.objc; path = GradientTestViewController.m; sourceTree = "<group>"; };
		1121AA441E78E3EB00D6DE06 /* GradientTestViewController.xib */ = {isa = PBXFileReference; fileEncoding = 4; lastKnownFileType = file.xib; path = GradientTestViewController.xib; sourceTree = "<group>"; };
		1121AA471E78E4BE00D6DE06 /* Assets 10-55-22-769.xcassets */ = {isa = PBXFileReference; lastKnownFileType = folder.assetcatalog; path = "Assets 10-55-22-769.xcassets"; sourceTree = "<group>"; };
		112C5E171E36F81D0047DFB4 /* File */ = {isa = PBXFileReference; fileEncoding = 4; lastKnownFileType = text; path = File; sourceTree = "<group>"; };
		114D2A861E63F3A900EDBCAE /* TestKeychainViewController.h */ = {isa = PBXFileReference; fileEncoding = 4; lastKnownFileType = sourcecode.c.h; path = TestKeychainViewController.h; sourceTree = "<group>"; };
		114D2A871E63F3A900EDBCAE /* TestKeychainViewController.m */ = {isa = PBXFileReference; fileEncoding = 4; lastKnownFileType = sourcecode.c.objc; path = TestKeychainViewController.m; sourceTree = "<group>"; };
		114D2A881E63F3A900EDBCAE /* TestKeychainViewController.xib */ = {isa = PBXFileReference; fileEncoding = 4; lastKnownFileType = file.xib; path = TestKeychainViewController.xib; sourceTree = "<group>"; };
		114D2A8B1E63F41400EDBCAE /* Security.framework */ = {isa = PBXFileReference; lastKnownFileType = wrapper.framework; name = Security.framework; path = System/Library/Frameworks/Security.framework; sourceTree = SDKROOT; };
		114D2A8D1E63FD1900EDBCAE /* ZTKeychainUtil.h */ = {isa = PBXFileReference; fileEncoding = 4; lastKnownFileType = sourcecode.c.h; path = ZTKeychainUtil.h; sourceTree = "<group>"; };
		114D2A8E1E63FD1900EDBCAE /* ZTKeychainUtil.m */ = {isa = PBXFileReference; fileEncoding = 4; lastKnownFileType = sourcecode.c.objc; path = ZTKeychainUtil.m; sourceTree = "<group>"; };
		114E34281E5E772B0035B8DA /* PythonTestViewController.h */ = {isa = PBXFileReference; fileEncoding = 4; lastKnownFileType = sourcecode.c.h; path = PythonTestViewController.h; sourceTree = "<group>"; };
		114E34291E5E772B0035B8DA /* PythonTestViewController.m */ = {isa = PBXFileReference; fileEncoding = 4; lastKnownFileType = sourcecode.c.objc; path = PythonTestViewController.m; sourceTree = "<group>"; };
		114E342B1E5E773C0035B8DA /* Annotation */ = {isa = PBXFileReference; fileEncoding = 4; lastKnownFileType = text; path = Annotation; sourceTree = "<group>"; };
		114E343C1E5E89B50035B8DA /* MultiThreadDownloadViewController.h */ = {isa = PBXFileReference; fileEncoding = 4; lastKnownFileType = sourcecode.c.h; path = MultiThreadDownloadViewController.h; sourceTree = "<group>"; };
		114E343D1E5E89B50035B8DA /* MultiThreadDownloadViewController.m */ = {isa = PBXFileReference; fileEncoding = 4; lastKnownFileType = sourcecode.c.objc; path = MultiThreadDownloadViewController.m; sourceTree = "<group>"; };
		114E34411E5EC5F40035B8DA /* MultiThread.xib */ = {isa = PBXFileReference; fileEncoding = 4; lastKnownFileType = file.xib; path = MultiThread.xib; sourceTree = "<group>"; };
		114E34431E5ED84C0035B8DA /* MultiThreadDownloadManager.h */ = {isa = PBXFileReference; fileEncoding = 4; lastKnownFileType = sourcecode.c.h; path = MultiThreadDownloadManager.h; sourceTree = "<group>"; };
		114E34441E5ED84C0035B8DA /* MultiThreadDownloadManager.m */ = {isa = PBXFileReference; fileEncoding = 4; lastKnownFileType = sourcecode.c.objc; path = MultiThreadDownloadManager.m; sourceTree = "<group>"; };
		114E34471E5EE1F20035B8DA /* Enum.m */ = {isa = PBXFileReference; fileEncoding = 4; lastKnownFileType = sourcecode.c.objc; path = Enum.m; sourceTree = "<group>"; };
		114E34491E5EEA100035B8DA /* MultiThreadDownloader.h */ = {isa = PBXFileReference; fileEncoding = 4; lastKnownFileType = sourcecode.c.h; path = MultiThreadDownloader.h; sourceTree = "<group>"; };
		114E344A1E5EEA100035B8DA /* MultiThreadDownloader.m */ = {isa = PBXFileReference; fileEncoding = 4; lastKnownFileType = sourcecode.c.objc; path = MultiThreadDownloader.m; sourceTree = "<group>"; };
		1162C13B1E71469000D25FDD /* UploadImageViewController.h */ = {isa = PBXFileReference; fileEncoding = 4; lastKnownFileType = sourcecode.c.h; path = UploadImageViewController.h; sourceTree = "<group>"; };
		1162C13C1E71469000D25FDD /* UploadImageViewController.m */ = {isa = PBXFileReference; fileEncoding = 4; lastKnownFileType = sourcecode.c.objc; path = UploadImageViewController.m; sourceTree = "<group>"; };
		1162C13D1E71469000D25FDD /* UploadImageViewController.xib */ = {isa = PBXFileReference; fileEncoding = 4; lastKnownFileType = file.xib; path = UploadImageViewController.xib; sourceTree = "<group>"; };
		1162C1401E714F2300D25FDD /* PostBodyMakerUtil.h */ = {isa = PBXFileReference; fileEncoding = 4; lastKnownFileType = sourcecode.c.h; path = PostBodyMakerUtil.h; sourceTree = "<group>"; };
		1162C1411E714F2300D25FDD /* PostBodyMakerUtil.m */ = {isa = PBXFileReference; fileEncoding = 4; lastKnownFileType = sourcecode.c.objc; path = PostBodyMakerUtil.m; sourceTree = "<group>"; };
		1162C1441E72AB3700D25FDD /* TestStillMethod.h */ = {isa = PBXFileReference; fileEncoding = 4; lastKnownFileType = sourcecode.c.h; path = TestStillMethod.h; sourceTree = "<group>"; };
		1162C1451E72AB3700D25FDD /* TestStillMethod.m */ = {isa = PBXFileReference; fileEncoding = 4; lastKnownFileType = sourcecode.c.objc; path = TestStillMethod.m; sourceTree = "<group>"; };
		11675EFE1E602FDB00DD5E52 /* TimersTestViewController.h */ = {isa = PBXFileReference; fileEncoding = 4; lastKnownFileType = sourcecode.c.h; path = TimersTestViewController.h; sourceTree = "<group>"; };
		11675EFF1E602FDB00DD5E52 /* TimersTestViewController.m */ = {isa = PBXFileReference; fileEncoding = 4; lastKnownFileType = sourcecode.c.objc; path = TimersTestViewController.m; sourceTree = "<group>"; };
		11B7A8ED1E52DAA000C8A2E0 /* HandleStringViewController.h */ = {isa = PBXFileReference; fileEncoding = 4; lastKnownFileType = sourcecode.c.h; path = HandleStringViewController.h; sourceTree = "<group>"; };
		11B7A8EE1E52DAA000C8A2E0 /* HandleStringViewController.m */ = {isa = PBXFileReference; fileEncoding = 4; lastKnownFileType = sourcecode.c.objc; path = HandleStringViewController.m; sourceTree = "<group>"; };
		11B7A9161E53F70C00C8A2E0 /* WKWebViewTestViewController.h */ = {isa = PBXFileReference; fileEncoding = 4; lastKnownFileType = sourcecode.c.h; path = WKWebViewTestViewController.h; sourceTree = "<group>"; };
		11B7A9171E53F70C00C8A2E0 /* WKWebViewTestViewController.m */ = {isa = PBXFileReference; fileEncoding = 4; lastKnownFileType = sourcecode.c.objc; path = WKWebViewTestViewController.m; sourceTree = "<group>"; };
		11B7A91D1E543F0D00C8A2E0 /* BaiduAPITestViewController.h */ = {isa = PBXFileReference; fileEncoding = 4; lastKnownFileType = sourcecode.c.h; path = BaiduAPITestViewController.h; sourceTree = "<group>"; };
		11B7A91E1E543F0D00C8A2E0 /* BaiduAPITestViewController.m */ = {isa = PBXFileReference; fileEncoding = 4; lastKnownFileType = sourcecode.c.objc; path = BaiduAPITestViewController.m; sourceTree = "<group>"; };
		11B7A9201E543FF500C8A2E0 /* Assist.h */ = {isa = PBXFileReference; fileEncoding = 4; lastKnownFileType = sourcecode.c.h; path = Assist.h; sourceTree = "<group>"; };
		11B7A9211E543FF500C8A2E0 /* Assist.m */ = {isa = PBXFileReference; fileEncoding = 4; lastKnownFileType = sourcecode.c.objc; path = Assist.m; sourceTree = "<group>"; };
		11B7A9241E55481A00C8A2E0 /* LottieTestViewController.h */ = {isa = PBXFileReference; fileEncoding = 4; lastKnownFileType = sourcecode.c.h; path = LottieTestViewController.h; sourceTree = "<group>"; };
		11B7A9251E55481A00C8A2E0 /* LottieTestViewController.m */ = {isa = PBXFileReference; fileEncoding = 4; lastKnownFileType = sourcecode.c.objc; path = LottieTestViewController.m; sourceTree = "<group>"; };
		11B7A9281E56A93B00C8A2E0 /* URLComponentTestViewController.h */ = {isa = PBXFileReference; fileEncoding = 4; lastKnownFileType = sourcecode.c.h; path = URLComponentTestViewController.h; sourceTree = "<group>"; };
		11B7A9291E56A93B00C8A2E0 /* URLComponentTestViewController.m */ = {isa = PBXFileReference; fileEncoding = 4; lastKnownFileType = sourcecode.c.objc; path = URLComponentTestViewController.m; sourceTree = "<group>"; };
		11B7A92B1E56AE9000C8A2E0 /* TestNSPredicate.h */ = {isa = PBXFileReference; fileEncoding = 4; lastKnownFileType = sourcecode.c.h; path = TestNSPredicate.h; sourceTree = "<group>"; };
		11B7A92C1E56AE9000C8A2E0 /* TestNSPredicate.m */ = {isa = PBXFileReference; fileEncoding = 4; lastKnownFileType = sourcecode.c.objc; path = TestNSPredicate.m; sourceTree = "<group>"; };
		11B7A9391E5AD6B800C8A2E0 /* TestParam.h */ = {isa = PBXFileReference; fileEncoding = 4; lastKnownFileType = sourcecode.c.h; path = TestParam.h; sourceTree = "<group>"; };
		11B7A93A1E5AD6B800C8A2E0 /* TestParam.m */ = {isa = PBXFileReference; fileEncoding = 4; lastKnownFileType = sourcecode.c.objc; path = TestParam.m; sourceTree = "<group>"; };
		11B7A93C1E5AD74300C8A2E0 /* TestParamViewController.h */ = {isa = PBXFileReference; fileEncoding = 4; lastKnownFileType = sourcecode.c.h; path = TestParamViewController.h; sourceTree = "<group>"; };
		11B7A93D1E5AD74300C8A2E0 /* TestParamViewController.m */ = {isa = PBXFileReference; fileEncoding = 4; lastKnownFileType = sourcecode.c.objc; path = TestParamViewController.m; sourceTree = "<group>"; };
		11B7A93F1E5BE18000C8A2E0 /* CategoryTestViewController.h */ = {isa = PBXFileReference; fileEncoding = 4; lastKnownFileType = sourcecode.c.h; path = CategoryTestViewController.h; sourceTree = "<group>"; };
		11B7A9401E5BE18000C8A2E0 /* CategoryTestViewController.m */ = {isa = PBXFileReference; fileEncoding = 4; lastKnownFileType = sourcecode.c.objc; path = CategoryTestViewController.m; sourceTree = "<group>"; };
		11B7A9471E5BF67A00C8A2E0 /* CancellerGCD.h */ = {isa = PBXFileReference; fileEncoding = 4; lastKnownFileType = sourcecode.c.h; path = CancellerGCD.h; sourceTree = "<group>"; };
		11B7A9481E5BF67A00C8A2E0 /* CancellerGCD.m */ = {isa = PBXFileReference; fileEncoding = 4; lastKnownFileType = sourcecode.c.objc; path = CancellerGCD.m; sourceTree = "<group>"; };
		11B7A94B1E5C109400C8A2E0 /* TestDictionaryViewController.h */ = {isa = PBXFileReference; fileEncoding = 4; lastKnownFileType = sourcecode.c.h; path = TestDictionaryViewController.h; sourceTree = "<group>"; };
		11B7A94C1E5C109400C8A2E0 /* TestDictionaryViewController.m */ = {isa = PBXFileReference; fileEncoding = 4; lastKnownFileType = sourcecode.c.objc; path = TestDictionaryViewController.m; sourceTree = "<group>"; };
		11B7A94F1E5C390F00C8A2E0 /* File */ = {isa = PBXFileReference; fileEncoding = 4; lastKnownFileType = text; path = File; sourceTree = "<group>"; };
		11B7A9511E5D2F3900C8A2E0 /* WKWebViewAnotherTestViewController.h */ = {isa = PBXFileReference; fileEncoding = 4; lastKnownFileType = sourcecode.c.h; path = WKWebViewAnotherTestViewController.h; sourceTree = "<group>"; };
		11B7A9521E5D2F3900C8A2E0 /* WKWebViewAnotherTestViewController.m */ = {isa = PBXFileReference; fileEncoding = 4; lastKnownFileType = sourcecode.c.objc; path = WKWebViewAnotherTestViewController.m; sourceTree = "<group>"; };
		11D0CB8D1E347758008A12C3 /* GestureTestViewController.h */ = {isa = PBXFileReference; fileEncoding = 4; lastKnownFileType = sourcecode.c.h; path = GestureTestViewController.h; sourceTree = "<group>"; };
		11D0CB8E1E347758008A12C3 /* GestureTestViewController.m */ = {isa = PBXFileReference; fileEncoding = 4; lastKnownFileType = sourcecode.c.objc; path = GestureTestViewController.m; sourceTree = "<group>"; };
		11D68CF31E700DF6006FCDC3 /* AppiumViewController.h */ = {isa = PBXFileReference; fileEncoding = 4; lastKnownFileType = sourcecode.c.h; path = AppiumViewController.h; sourceTree = "<group>"; };
		11D68CF41E700DF6006FCDC3 /* AppiumViewController.m */ = {isa = PBXFileReference; fileEncoding = 4; lastKnownFileType = sourcecode.c.objc; path = AppiumViewController.m; sourceTree = "<group>"; };
		11D68CF51E700DF6006FCDC3 /* AppiumViewController.xib */ = {isa = PBXFileReference; fileEncoding = 4; lastKnownFileType = file.xib; path = AppiumViewController.xib; sourceTree = "<group>"; };
		11F6499E1E794A56000E6FEE /* CompilTestViewController.h */ = {isa = PBXFileReference; fileEncoding = 4; lastKnownFileType = sourcecode.c.h; path = CompilTestViewController.h; sourceTree = "<group>"; };
		11F6499F1E794A56000E6FEE /* CompilTestViewController.m */ = {isa = PBXFileReference; fileEncoding = 4; lastKnownFileType = sourcecode.c.objc; path = CompilTestViewController.m; sourceTree = "<group>"; };
		11F649A01E794A56000E6FEE /* CompilTestViewController.xib */ = {isa = PBXFileReference; fileEncoding = 4; lastKnownFileType = file.xib; path = CompilTestViewController.xib; sourceTree = "<group>"; };
		11F649A31E794B07000E6FEE /* compileTest.h */ = {isa = PBXFileReference; lastKnownFileType = sourcecode.c.h; path = compileTest.h; sourceTree = "<group>"; };
		11F649A71E7A3C23000E6FEE /* ScrollInteractViewController.h */ = {isa = PBXFileReference; fileEncoding = 4; lastKnownFileType = sourcecode.c.h; path = ScrollInteractViewController.h; sourceTree = "<group>"; };
		11F649A81E7A3C23000E6FEE /* ScrollInteractViewController.m */ = {isa = PBXFileReference; fileEncoding = 4; lastKnownFileType = sourcecode.c.objc; path = ScrollInteractViewController.m; sourceTree = "<group>"; };
		11F649A91E7A3C23000E6FEE /* ScrollInteractViewController.xib */ = {isa = PBXFileReference; fileEncoding = 4; lastKnownFileType = file.xib; path = ScrollInteractViewController.xib; sourceTree = "<group>"; };
		11F649AD1E7A60C5000E6FEE /* AntiAliasingViewController.h */ = {isa = PBXFileReference; fileEncoding = 4; lastKnownFileType = sourcecode.c.h; path = AntiAliasingViewController.h; sourceTree = "<group>"; };
		11F649AE1E7A60C5000E6FEE /* AntiAliasingViewController.m */ = {isa = PBXFileReference; fileEncoding = 4; lastKnownFileType = sourcecode.c.objc; path = AntiAliasingViewController.m; sourceTree = "<group>"; };
		11F649AF1E7A60C5000E6FEE /* AntiAliasingViewController.xib */ = {isa = PBXFileReference; fileEncoding = 4; lastKnownFileType = file.xib; path = AntiAliasingViewController.xib; sourceTree = "<group>"; };
		11FBAA601E31BAA5005D5276 /* NSPredicateTestViewController.h */ = {isa = PBXFileReference; fileEncoding = 4; lastKnownFileType = sourcecode.c.h; path = NSPredicateTestViewController.h; sourceTree = "<group>"; };
		11FBAA611E31BAA5005D5276 /* NSPredicateTestViewController.m */ = {isa = PBXFileReference; fileEncoding = 4; lastKnownFileType = sourcecode.c.objc; path = NSPredicateTestViewController.m; sourceTree = "<group>"; };
		A9A875FAFBEB49F83EFF6913 /* Pods-TestAboutALL.release.xcconfig */ = {isa = PBXFileReference; includeInIndex = 1; lastKnownFileType = text.xcconfig; name = "Pods-TestAboutALL.release.xcconfig"; path = "Pods/Target Support Files/Pods-TestAboutALL/Pods-TestAboutALL.release.xcconfig"; sourceTree = "<group>"; };
		B64246431DC869610006E812 /* SSTableViewController.h */ = {isa = PBXFileReference; fileEncoding = 4; lastKnownFileType = sourcecode.c.h; path = SSTableViewController.h; sourceTree = "<group>"; };
		B64246441DC869610006E812 /* SSTableViewController.m */ = {isa = PBXFileReference; fileEncoding = 4; lastKnownFileType = sourcecode.c.objc; path = SSTableViewController.m; sourceTree = "<group>"; };
		B64246461DC869950006E812 /* SSTableViewDataSource.h */ = {isa = PBXFileReference; fileEncoding = 4; lastKnownFileType = sourcecode.c.h; path = SSTableViewDataSource.h; sourceTree = "<group>"; };
		B64246471DC869950006E812 /* SSTableViewDataSource.m */ = {isa = PBXFileReference; fileEncoding = 4; lastKnownFileType = sourcecode.c.objc; path = SSTableViewDataSource.m; sourceTree = "<group>"; };
		B6724B461DEECAAB00EC6DE4 /* NSObject+TestAboutMethodSwizzling.h */ = {isa = PBXFileReference; fileEncoding = 4; lastKnownFileType = sourcecode.c.h; path = "NSObject+TestAboutMethodSwizzling.h"; sourceTree = "<group>"; };
		B6724B471DEECAAB00EC6DE4 /* NSObject+TestAboutMethodSwizzling.m */ = {isa = PBXFileReference; fileEncoding = 4; lastKnownFileType = sourcecode.c.objc; path = "NSObject+TestAboutMethodSwizzling.m"; sourceTree = "<group>"; };
		B67C16D61E2DB9260005E718 /* CopyAndMuttableCopyViewController.h */ = {isa = PBXFileReference; fileEncoding = 4; lastKnownFileType = sourcecode.c.h; path = CopyAndMuttableCopyViewController.h; sourceTree = "<group>"; };
		B67C16D71E2DB9260005E718 /* CopyAndMuttableCopyViewController.m */ = {isa = PBXFileReference; fileEncoding = 4; lastKnownFileType = sourcecode.c.objc; path = CopyAndMuttableCopyViewController.m; sourceTree = "<group>"; };
		B6E780D21E1609B300C37950 /* TestViewController.h */ = {isa = PBXFileReference; fileEncoding = 4; lastKnownFileType = sourcecode.c.h; path = TestViewController.h; sourceTree = "<group>"; };
		B6E780D31E1609B300C37950 /* TestViewController.m */ = {isa = PBXFileReference; fileEncoding = 4; lastKnownFileType = sourcecode.c.objc; path = TestViewController.m; sourceTree = "<group>"; };
		B6E780D51E1609C400C37950 /* TestNSOperation.h */ = {isa = PBXFileReference; fileEncoding = 4; lastKnownFileType = sourcecode.c.h; path = TestNSOperation.h; sourceTree = "<group>"; };
		B6E780D61E1609C400C37950 /* TestNSOperation.m */ = {isa = PBXFileReference; fileEncoding = 4; lastKnownFileType = sourcecode.c.objc; path = TestNSOperation.m; sourceTree = "<group>"; };
		B6E780DC1E16444D00C37950 /* TestRunLoopAndWhileViewController.h */ = {isa = PBXFileReference; fileEncoding = 4; lastKnownFileType = sourcecode.c.h; path = TestRunLoopAndWhileViewController.h; sourceTree = "<group>"; };
		B6E780DD1E16444D00C37950 /* TestRunLoopAndWhileViewController.m */ = {isa = PBXFileReference; fileEncoding = 4; lastKnownFileType = sourcecode.c.objc; path = TestRunLoopAndWhileViewController.m; sourceTree = "<group>"; };
		B6EA7C201DCB3AC100EBDF72 /* MyViewController.h */ = {isa = PBXFileReference; fileEncoding = 4; lastKnownFileType = sourcecode.c.h; path = MyViewController.h; sourceTree = "<group>"; };
		B6EA7C211DCB3AC100EBDF72 /* MyViewController.m */ = {isa = PBXFileReference; fileEncoding = 4; lastKnownFileType = sourcecode.c.objc; path = MyViewController.m; sourceTree = "<group>"; };
		B6EA7DEF1DD0157200EBDF72 /* LifeCycleTableViewController.h */ = {isa = PBXFileReference; fileEncoding = 4; lastKnownFileType = sourcecode.c.h; path = LifeCycleTableViewController.h; sourceTree = "<group>"; };
		B6EA7DF01DD0157200EBDF72 /* LifeCycleTableViewController.m */ = {isa = PBXFileReference; fileEncoding = 4; lastKnownFileType = sourcecode.c.objc; path = LifeCycleTableViewController.m; sourceTree = "<group>"; };
		B6EC74A91DBF126300B90B88 /* TestAboutALL.app */ = {isa = PBXFileReference; explicitFileType = wrapper.application; includeInIndex = 0; path = TestAboutALL.app; sourceTree = BUILT_PRODUCTS_DIR; };
		B6EC74AD1DBF126300B90B88 /* main.m */ = {isa = PBXFileReference; lastKnownFileType = sourcecode.c.objc; path = main.m; sourceTree = "<group>"; };
		B6EC74AF1DBF126300B90B88 /* AppDelegate.h */ = {isa = PBXFileReference; lastKnownFileType = sourcecode.c.h; path = AppDelegate.h; sourceTree = "<group>"; };
		B6EC74B01DBF126300B90B88 /* AppDelegate.m */ = {isa = PBXFileReference; lastKnownFileType = sourcecode.c.objc; path = AppDelegate.m; sourceTree = "<group>"; };
		B6EC74B21DBF126300B90B88 /* ViewController.h */ = {isa = PBXFileReference; lastKnownFileType = sourcecode.c.h; path = ViewController.h; sourceTree = "<group>"; };
		B6EC74B31DBF126300B90B88 /* ViewController.m */ = {isa = PBXFileReference; lastKnownFileType = sourcecode.c.objc; path = ViewController.m; sourceTree = "<group>"; };
		B6EC74B61DBF126300B90B88 /* Base */ = {isa = PBXFileReference; lastKnownFileType = file.storyboard; name = Base; path = Base.lproj/Main.storyboard; sourceTree = "<group>"; };
		B6EC74BB1DBF126300B90B88 /* Base */ = {isa = PBXFileReference; lastKnownFileType = file.storyboard; name = Base; path = Base.lproj/LaunchScreen.storyboard; sourceTree = "<group>"; };
		B6EC74BD1DBF126300B90B88 /* Info.plist */ = {isa = PBXFileReference; lastKnownFileType = text.plist.xml; path = Info.plist; sourceTree = "<group>"; };
		B6EC74D11DBF1DA100B90B88 /* NSObject+Category4NSObjectTestRuntime.h */ = {isa = PBXFileReference; fileEncoding = 4; lastKnownFileType = sourcecode.c.h; path = "NSObject+Category4NSObjectTestRuntime.h"; sourceTree = "<group>"; };
		B6EC74D21DBF1DA100B90B88 /* NSObject+Category4NSObjectTestRuntime.m */ = {isa = PBXFileReference; fileEncoding = 4; lastKnownFileType = sourcecode.c.objc; path = "NSObject+Category4NSObjectTestRuntime.m"; sourceTree = "<group>"; };
		B6EC74D51DBF1DD200B90B88 /* NSObject+MiddleVar.h */ = {isa = PBXFileReference; fileEncoding = 4; lastKnownFileType = sourcecode.c.h; path = "NSObject+MiddleVar.h"; sourceTree = "<group>"; };
		B6EC74D61DBF1DD200B90B88 /* NSObject+MiddleVar.m */ = {isa = PBXFileReference; fileEncoding = 4; lastKnownFileType = sourcecode.c.objc; path = "NSObject+MiddleVar.m"; sourceTree = "<group>"; };
		B6EC74DB1DBF2FBE00B90B88 /* TableViewController.h */ = {isa = PBXFileReference; fileEncoding = 4; lastKnownFileType = sourcecode.c.h; path = TableViewController.h; sourceTree = "<group>"; };
		B6EC74DC1DBF2FBE00B90B88 /* TableViewController.m */ = {isa = PBXFileReference; fileEncoding = 4; lastKnownFileType = sourcecode.c.objc; path = TableViewController.m; sourceTree = "<group>"; };
		B6EC74DD1DBF2FBE00B90B88 /* TableViewController.xib */ = {isa = PBXFileReference; fileEncoding = 4; lastKnownFileType = file.xib; path = TableViewController.xib; sourceTree = "<group>"; };
		B6EC74E01DBF2FF900B90B88 /* ArrayDataSource.h */ = {isa = PBXFileReference; fileEncoding = 4; lastKnownFileType = sourcecode.c.h; path = ArrayDataSource.h; sourceTree = "<group>"; };
		B6EC74E11DBF2FF900B90B88 /* ArrayDataSource.m */ = {isa = PBXFileReference; fileEncoding = 4; lastKnownFileType = sourcecode.c.objc; path = ArrayDataSource.m; sourceTree = "<group>"; };
		B6EC74E61DBF3A0500B90B88 /* Model.h */ = {isa = PBXFileReference; fileEncoding = 4; lastKnownFileType = sourcecode.c.h; path = Model.h; sourceTree = "<group>"; };
		B6EC74E71DBF3A0500B90B88 /* Model.m */ = {isa = PBXFileReference; fileEncoding = 4; lastKnownFileType = sourcecode.c.objc; path = Model.m; sourceTree = "<group>"; };
		B6EC74EB1DBF4ED200B90B88 /* KVOTest.h */ = {isa = PBXFileReference; fileEncoding = 4; lastKnownFileType = sourcecode.c.h; path = KVOTest.h; sourceTree = "<group>"; };
		B6EC74EC1DBF4ED200B90B88 /* KVOTest.m */ = {isa = PBXFileReference; fileEncoding = 4; lastKnownFileType = sourcecode.c.objc; path = KVOTest.m; sourceTree = "<group>"; };
		B6EC74EE1DBF4F5C00B90B88 /* objClass.h */ = {isa = PBXFileReference; fileEncoding = 4; lastKnownFileType = sourcecode.c.h; path = objClass.h; sourceTree = "<group>"; };
		B6EC74EF1DBF4F5C00B90B88 /* objClass.m */ = {isa = PBXFileReference; fileEncoding = 4; lastKnownFileType = sourcecode.c.objc; path = objClass.m; sourceTree = "<group>"; };
		B6EC74F11DBF53ED00B90B88 /* KVOViewController.h */ = {isa = PBXFileReference; fileEncoding = 4; lastKnownFileType = sourcecode.c.h; path = KVOViewController.h; sourceTree = "<group>"; };
		B6EC74F21DBF53ED00B90B88 /* KVOViewController.m */ = {isa = PBXFileReference; fileEncoding = 4; lastKnownFileType = sourcecode.c.objc; path = KVOViewController.m; sourceTree = "<group>"; };
		E624CC1BB7DCEA73E9954E51 /* Pods-TestAboutALL.debug.xcconfig */ = {isa = PBXFileReference; includeInIndex = 1; lastKnownFileType = text.xcconfig; name = "Pods-TestAboutALL.debug.xcconfig"; path = "Pods/Target Support Files/Pods-TestAboutALL/Pods-TestAboutALL.debug.xcconfig"; sourceTree = "<group>"; };
		F5B2D805B2D10113BA9FA9F5 /* libPods-TestAboutALL.a */ = {isa = PBXFileReference; explicitFileType = archive.ar; includeInIndex = 0; path = "libPods-TestAboutALL.a"; sourceTree = BUILT_PRODUCTS_DIR; };
/* End PBXFileReference section */

/* Begin PBXFrameworksBuildPhase section */
		B6EC74A61DBF126300B90B88 /* Frameworks */ = {
			isa = PBXFrameworksBuildPhase;
			buildActionMask = 2147483647;
			files = (
				114D2A8C1E63F41400EDBCAE /* Security.framework in Frameworks */,
				2B5FD095D1E0A97018162BE2 /* libPods-TestAboutALL.a in Frameworks */,
			);
			runOnlyForDeploymentPostprocessing = 0;
		};
/* End PBXFrameworksBuildPhase section */

/* Begin PBXGroup section */
		11098A781E65714F00AC2497 /* NSURLProtocol */ = {
			isa = PBXGroup;
			children = (
				11098A841E65844E00AC2497 /* NSURLProtocol+WebKitSupport.h */,
				11098A851E65844E00AC2497 /* NSURLProtocol+WebKitSupport.m */,
				11098A791E65717C00AC2497 /* URLProtocolTest.h */,
				11098A7A1E65717C00AC2497 /* URLProtocolTest.m */,
				11098A7F1E657ADE00AC2497 /* URLProtocolTestViewController.h */,
				11098A801E657ADE00AC2497 /* URLProtocolTestViewController.m */,
				11098A811E657ADE00AC2497 /* URLProtocolTestViewController.xib */,
			);
			path = NSURLProtocol;
			sourceTree = "<group>";
		};
		11098AC71E681B7F00AC2497 /* 控件层叠响应 */ = {
			isa = PBXGroup;
			children = (
				11098AC81E681BF700AC2497 /* TestMultiItemsViewController.h */,
				11098AC91E681BF700AC2497 /* TestMultiItemsViewController.m */,
				11098ACB1E681C2600AC2497 /* TestMultiVC.xib */,
			);
			path = "控件层叠响应";
			sourceTree = "<group>";
		};
		1121AA241E778B3900D6DE06 /* 3D变换 */ = {
			isa = PBXGroup;
			children = (
				1121AA281E778BD700D6DE06 /* ThreeDTransformViewController.xib */,
				1121AA2A1E778C4C00D6DE06 /* ThreeDTransformViewController.h */,
				1121AA2B1E778C4C00D6DE06 /* ThreeDTransformViewController.m */,
				1121AA2F1E77970A00D6DE06 /* CubeTransformViewController.h */,
				1121AA301E77970A00D6DE06 /* CubeTransformViewController.m */,
				1121AA321E77971D00D6DE06 /* CubeTransformViewController.xib */,
			);
			path = "3D变换";
			sourceTree = "<group>";
		};
		1121AA3B1E78E3C400D6DE06 /* CAShapeLayer */ = {
			isa = PBXGroup;
			children = (
				1121AA3C1E78E3C400D6DE06 /* TestExtraFieldViewController.h */,
				1121AA3D1E78E3C400D6DE06 /* TestExtraFieldViewController.m */,
				1121AA3E1E78E3C400D6DE06 /* TestExtraFieldViewController.xib */,
				1121AA3F1E78E3C400D6DE06 /* 配合CAGradientLayer（渐变visualEffect） */,
			);
			path = CAShapeLayer;
			sourceTree = "<group>";
		};
		1121AA3F1E78E3C400D6DE06 /* 配合CAGradientLayer（渐变visualEffect） */ = {
			isa = PBXGroup;
			children = (
				1121AA421E78E3EB00D6DE06 /* GradientTestViewController.h */,
				1121AA431E78E3EB00D6DE06 /* GradientTestViewController.m */,
				1121AA441E78E3EB00D6DE06 /* GradientTestViewController.xib */,
				11F649A71E7A3C23000E6FEE /* ScrollInteractViewController.h */,
				11F649A81E7A3C23000E6FEE /* ScrollInteractViewController.m */,
				11F649A91E7A3C23000E6FEE /* ScrollInteractViewController.xib */,
			);
			name = "配合CAGradientLayer（渐变visualEffect）";
			path = "配合CAGradientLayer";
			sourceTree = "<group>";
		};
		112C5E161E36F8160047DFB4 /* CocoaPods使用 */ = {
			isa = PBXGroup;
			children = (
				112C5E171E36F81D0047DFB4 /* File */,
			);
			path = "CocoaPods使用";
			sourceTree = "<group>";
		};
		114D2A851E63E23500EDBCAE /* Keychain保存数据 */ = {
			isa = PBXGroup;
			children = (
				114D2A861E63F3A900EDBCAE /* TestKeychainViewController.h */,
				114D2A871E63F3A900EDBCAE /* TestKeychainViewController.m */,
				114D2A881E63F3A900EDBCAE /* TestKeychainViewController.xib */,
				114D2A8D1E63FD1900EDBCAE /* ZTKeychainUtil.h */,
				114D2A8E1E63FD1900EDBCAE /* ZTKeychainUtil.m */,
			);
			path = "Keychain保存数据";
			sourceTree = "<group>";
		};
		114E34271E5E771D0035B8DA /* Python导入OC中(失败) */ = {
			isa = PBXGroup;
			children = (
				114E34281E5E772B0035B8DA /* PythonTestViewController.h */,
				114E34291E5E772B0035B8DA /* PythonTestViewController.m */,
				114E342B1E5E773C0035B8DA /* Annotation */,
			);
			name = "Python导入OC中(失败)";
			path = "Python导入OC中";
			sourceTree = "<group>";
		};
		114E343B1E5E898F0035B8DA /* 多线程下载(下载完成，其他没有) */ = {
			isa = PBXGroup;
			children = (
				114E343C1E5E89B50035B8DA /* MultiThreadDownloadViewController.h */,
				114E343D1E5E89B50035B8DA /* MultiThreadDownloadViewController.m */,
				114E34411E5EC5F40035B8DA /* MultiThread.xib */,
				114E34431E5ED84C0035B8DA /* MultiThreadDownloadManager.h */,
				114E34441E5ED84C0035B8DA /* MultiThreadDownloadManager.m */,
				114E34491E5EEA100035B8DA /* MultiThreadDownloader.h */,
				114E344A1E5EEA100035B8DA /* MultiThreadDownloader.m */,
			);
			name = "多线程下载(下载完成，其他没有)";
			path = "多线程下载";
			sourceTree = "<group>";
		};
		114E34461E5EE1D90035B8DA /* 枚举的写法 */ = {
			isa = PBXGroup;
			children = (
				114E34471E5EE1F20035B8DA /* Enum.m */,
			);
			path = "枚举的写法";
			sourceTree = "<group>";
		};
		1162C13A1E71466500D25FDD /* 上传图片到服务器 */ = {
			isa = PBXGroup;
			children = (
				1162C13B1E71469000D25FDD /* UploadImageViewController.h */,
				1162C13C1E71469000D25FDD /* UploadImageViewController.m */,
				1162C13D1E71469000D25FDD /* UploadImageViewController.xib */,
				1162C1401E714F2300D25FDD /* PostBodyMakerUtil.h */,
				1162C1411E714F2300D25FDD /* PostBodyMakerUtil.m */,
			);
			path = "上传图片到服务器";
			sourceTree = "<group>";
		};
		1162C1431E72AB2500D25FDD /* 静态方法中调用全局变量 */ = {
			isa = PBXGroup;
			children = (
				1162C1441E72AB3700D25FDD /* TestStillMethod.h */,
				1162C1451E72AB3700D25FDD /* TestStillMethod.m */,
			);
			path = "静态方法中调用全局变量";
			sourceTree = "<group>";
		};
		11675EFD1E602FC600DD5E52 /* 控制时间 */ = {
			isa = PBXGroup;
			children = (
				11675EFE1E602FDB00DD5E52 /* TimersTestViewController.h */,
				11675EFF1E602FDB00DD5E52 /* TimersTestViewController.m */,
			);
			path = "控制时间";
			sourceTree = "<group>";
		};
		11B7A8EC1E52DA8D00C8A2E0 /* 字符串处理(未完成) */ = {
			isa = PBXGroup;
			children = (
				11B7A8ED1E52DAA000C8A2E0 /* HandleStringViewController.h */,
				11B7A8EE1E52DAA000C8A2E0 /* HandleStringViewController.m */,
			);
			name = "字符串处理(未完成)";
			path = "字符串处理";
			sourceTree = "<group>";
		};
		11B7A9151E53F70100C8A2E0 /* WKWebView测试 */ = {
			isa = PBXGroup;
			children = (
				11B7A9161E53F70C00C8A2E0 /* WKWebViewTestViewController.h */,
				11B7A9171E53F70C00C8A2E0 /* WKWebViewTestViewController.m */,
				11B7A9511E5D2F3900C8A2E0 /* WKWebViewAnotherTestViewController.h */,
				11B7A9521E5D2F3900C8A2E0 /* WKWebViewAnotherTestViewController.m */,
			);
			path = "WKWebView测试";
			sourceTree = "<group>";
		};
		11B7A91C1E543EFE00C8A2E0 /* BaiduAPITest */ = {
			isa = PBXGroup;
			children = (
				11B7A91D1E543F0D00C8A2E0 /* BaiduAPITestViewController.h */,
				11B7A91E1E543F0D00C8A2E0 /* BaiduAPITestViewController.m */,
				11B7A9201E543FF500C8A2E0 /* Assist.h */,
				11B7A9211E543FF500C8A2E0 /* Assist.m */,
			);
			path = BaiduAPITest;
			sourceTree = "<group>";
		};
		11B7A9231E55480C00C8A2E0 /* Lottie测试(未完成) */ = {
			isa = PBXGroup;
			children = (
				11B7A9241E55481A00C8A2E0 /* LottieTestViewController.h */,
				11B7A9251E55481A00C8A2E0 /* LottieTestViewController.m */,
			);
			name = "Lottie测试(未完成)";
			path = "Lottie测试";
			sourceTree = "<group>";
		};
		11B7A9271E56A92500C8A2E0 /* NSURLComponents加参数 */ = {
			isa = PBXGroup;
			children = (
				11B7A9281E56A93B00C8A2E0 /* URLComponentTestViewController.h */,
				11B7A9291E56A93B00C8A2E0 /* URLComponentTestViewController.m */,
			);
			path = "NSURLComponents加参数";
			sourceTree = "<group>";
		};
		11B7A9381E5AD6A900C8A2E0 /* 在getter初始化中赋值 */ = {
			isa = PBXGroup;
			children = (
				11B7A9391E5AD6B800C8A2E0 /* TestParam.h */,
				11B7A93A1E5AD6B800C8A2E0 /* TestParam.m */,
				11B7A93C1E5AD74300C8A2E0 /* TestParamViewController.h */,
				11B7A93D1E5AD74300C8A2E0 /* TestParamViewController.m */,
			);
			name = "在getter初始化中赋值";
			path = "重写setter后外部调用会进入setter吗？";
			sourceTree = "<group>";
		};
		11B7A9421E5BF64C00C8A2E0 /* 多线程控制 */ = {
			isa = PBXGroup;
			children = (
				114E343B1E5E898F0035B8DA /* 多线程下载(下载完成，其他没有) */,
				11B7A9431E5BF65C00C8A2E0 /* Cancel(while循环控制GCD例子) */,
			);
			path = "多线程控制";
			sourceTree = "<group>";
		};
		11B7A9431E5BF65C00C8A2E0 /* Cancel(while循环控制GCD例子) */ = {
			isa = PBXGroup;
			children = (
				11B7A9471E5BF67A00C8A2E0 /* CancellerGCD.h */,
				11B7A9481E5BF67A00C8A2E0 /* CancellerGCD.m */,
			);
			name = "Cancel(while循环控制GCD例子)";
			path = Cancel;
			sourceTree = "<group>";
		};
		11B7A94A1E5C107D00C8A2E0 /* 字典测试 */ = {
			isa = PBXGroup;
			children = (
				11B7A94B1E5C109400C8A2E0 /* TestDictionaryViewController.h */,
				11B7A94C1E5C109400C8A2E0 /* TestDictionaryViewController.m */,
			);
			path = "字典测试";
			sourceTree = "<group>";
		};
		11B7A94E1E5C38FD00C8A2E0 /* Reveals使用 */ = {
			isa = PBXGroup;
			children = (
				11B7A94F1E5C390F00C8A2E0 /* File */,
			);
			path = "Reveals使用";
			sourceTree = "<group>";
		};
		11D0CB8C1E347742008A12C3 /* UIGestureRecognizer状态 */ = {
			isa = PBXGroup;
			children = (
				11D0CB8D1E347758008A12C3 /* GestureTestViewController.h */,
				11D0CB8E1E347758008A12C3 /* GestureTestViewController.m */,
			);
			path = "UIGestureRecognizer状态";
			sourceTree = "<group>";
		};
		11D68CF21E700DEE006FCDC3 /* 自动化测试Appium */ = {
			isa = PBXGroup;
			children = (
				11D68CF31E700DF6006FCDC3 /* AppiumViewController.h */,
				11D68CF41E700DF6006FCDC3 /* AppiumViewController.m */,
				11D68CF51E700DF6006FCDC3 /* AppiumViewController.xib */,
			);
			path = "自动化测试Appium";
			sourceTree = "<group>";
		};
		11F6499D1E7948D0000E6FEE /* 关于编译 */ = {
			isa = PBXGroup;
			children = (
				11F6499E1E794A56000E6FEE /* CompilTestViewController.h */,
				11F6499F1E794A56000E6FEE /* CompilTestViewController.m */,
				11F649A01E794A56000E6FEE /* CompilTestViewController.xib */,
				11F649A31E794B07000E6FEE /* compileTest.h */,
			);
			path = "关于编译";
			sourceTree = "<group>";
		};
		11F649AC1E7A6088000E6FEE /* 解决旋转图片边缘有锯齿 */ = {
			isa = PBXGroup;
			children = (
				11F649AD1E7A60C5000E6FEE /* AntiAliasingViewController.h */,
				11F649AE1E7A60C5000E6FEE /* AntiAliasingViewController.m */,
				11F649AF1E7A60C5000E6FEE /* AntiAliasingViewController.xib */,
			);
			path = "解决旋转图片边缘有锯齿";
			sourceTree = "<group>";
		};
		11FBAA5C1E31B943005D5276 /* NSPredicate相关 */ = {
			isa = PBXGroup;
			children = (
				11FBAA601E31BAA5005D5276 /* NSPredicateTestViewController.h */,
				11FBAA611E31BAA5005D5276 /* NSPredicateTestViewController.m */,
				11B7A92B1E56AE9000C8A2E0 /* TestNSPredicate.h */,
				11B7A92C1E56AE9000C8A2E0 /* TestNSPredicate.m */,
			);
			path = "NSPredicate相关";
			sourceTree = "<group>";
		};
		3B825C1A6B7E0882608AD7E2 /* Pods */ = {
			isa = PBXGroup;
			children = (
				E624CC1BB7DCEA73E9954E51 /* Pods-TestAboutALL.debug.xcconfig */,
				A9A875FAFBEB49F83EFF6913 /* Pods-TestAboutALL.release.xcconfig */,
			);
			name = Pods;
			sourceTree = "<group>";
		};
		75287208AD80ECBE3C927C53 /* Frameworks */ = {
			isa = PBXGroup;
			children = (
				114D2A8B1E63F41400EDBCAE /* Security.framework */,
				F5B2D805B2D10113BA9FA9F5 /* libPods-TestAboutALL.a */,
			);
			name = Frameworks;
			sourceTree = "<group>";
		};
		B64246421DC8694B0006E812 /* 尝试写一个功能全备的TableView */ = {
			isa = PBXGroup;
			children = (
				B64246431DC869610006E812 /* SSTableViewController.h */,
				B64246441DC869610006E812 /* SSTableViewController.m */,
				B64246461DC869950006E812 /* SSTableViewDataSource.h */,
				B64246471DC869950006E812 /* SSTableViewDataSource.m */,
			);
			path = "尝试写一个功能全备的TableView";
			sourceTree = "<group>";
		};
		B6724B3F1DEEC9BC00EC6DE4 /* Runtime */ = {
			isa = PBXGroup;
			children = (
				B6724B461DEECAAB00EC6DE4 /* NSObject+TestAboutMethodSwizzling.h */,
				B6724B471DEECAAB00EC6DE4 /* NSObject+TestAboutMethodSwizzling.m */,
				11098ABF1E67AECC00AC2497 /* ZTRuntimeUtil.h */,
				11098AC01E67AECC00AC2497 /* ZTRuntimeUtil.m */,
				11098AC21E67BE9700AC2497 /* UIKitTestViewController.h */,
				11098AC31E67BE9700AC2497 /* UIKitTestViewController.m */,
				11098AC51E67C10D00AC2497 /* UIKitTestViewController.xib */,
			);
			name = Runtime;
			path = "runtime交换方法";
			sourceTree = "<group>";
		};
		B67C16D51E2DB9050005E718 /* Copy与MutalbeCopy */ = {
			isa = PBXGroup;
			children = (
				B67C16D61E2DB9260005E718 /* CopyAndMuttableCopyViewController.h */,
				B67C16D71E2DB9260005E718 /* CopyAndMuttableCopyViewController.m */,
			);
			path = "Copy与MutalbeCopy";
			sourceTree = "<group>";
		};
		B6E780D11E16099D00C37950 /* NSOperationQueue多线程 */ = {
			isa = PBXGroup;
			children = (
				B6E780D21E1609B300C37950 /* TestViewController.h */,
				B6E780D31E1609B300C37950 /* TestViewController.m */,
				B6E780D51E1609C400C37950 /* TestNSOperation.h */,
				B6E780D61E1609C400C37950 /* TestNSOperation.m */,
			);
			path = "NSOperationQueue多线程";
			sourceTree = "<group>";
		};
		B6E780DB1E16443300C37950 /* 测试runloop期间可以响应UI */ = {
			isa = PBXGroup;
			children = (
				B6E780DC1E16444D00C37950 /* TestRunLoopAndWhileViewController.h */,
				B6E780DD1E16444D00C37950 /* TestRunLoopAndWhileViewController.m */,
			);
			path = "测试runloop期间可以响应UI";
			sourceTree = "<group>";
		};
		B6EA7C1F1DCB3AB200EBDF72 /* View的生命周期 */ = {
			isa = PBXGroup;
			children = (
				B6EA7C201DCB3AC100EBDF72 /* MyViewController.h */,
				B6EA7C211DCB3AC100EBDF72 /* MyViewController.m */,
			);
			path = "View的生命周期";
			sourceTree = "<group>";
		};
		B6EA7DEE1DD0156000EBDF72 /* TableView生命周期 */ = {
			isa = PBXGroup;
			children = (
				B6EA7DEF1DD0157200EBDF72 /* LifeCycleTableViewController.h */,
				B6EA7DF01DD0157200EBDF72 /* LifeCycleTableViewController.m */,
			);
			path = "TableView生命周期";
			sourceTree = "<group>";
		};
		B6EC74A01DBF126300B90B88 = {
			isa = PBXGroup;
			children = (
				B6EC74AB1DBF126300B90B88 /* TestAboutALL */,
				B6EC74AA1DBF126300B90B88 /* Products */,
				3B825C1A6B7E0882608AD7E2 /* Pods */,
				75287208AD80ECBE3C927C53 /* Frameworks */,
			);
			sourceTree = "<group>";
		};
		B6EC74AA1DBF126300B90B88 /* Products */ = {
			isa = PBXGroup;
			children = (
				B6EC74A91DBF126300B90B88 /* TestAboutALL.app */,
			);
			name = Products;
			sourceTree = "<group>";
		};
		B6EC74AB1DBF126300B90B88 /* TestAboutALL */ = {
			isa = PBXGroup;
			children = (
				11F649AC1E7A6088000E6FEE /* 解决旋转图片边缘有锯齿 */,
				11F6499D1E7948D0000E6FEE /* 关于编译 */,
				1121AA3B1E78E3C400D6DE06 /* CAShapeLayer */,
				1121AA241E778B3900D6DE06 /* 3D变换 */,
				1162C1431E72AB2500D25FDD /* 静态方法中调用全局变量 */,
				1162C13A1E71466500D25FDD /* 上传图片到服务器 */,
				11D68CF21E700DEE006FCDC3 /* 自动化测试Appium */,
				11098AC71E681B7F00AC2497 /* 控件层叠响应 */,
				11098A781E65714F00AC2497 /* NSURLProtocol */,
				114D2A851E63E23500EDBCAE /* Keychain保存数据 */,
				11675EFD1E602FC600DD5E52 /* 控制时间 */,
				114E34461E5EE1D90035B8DA /* 枚举的写法 */,
				114E34271E5E771D0035B8DA /* Python导入OC中(失败) */,
				11B7A94E1E5C38FD00C8A2E0 /* Reveals使用 */,
				11B7A94A1E5C107D00C8A2E0 /* 字典测试 */,
				11B7A9421E5BF64C00C8A2E0 /* 多线程控制 */,
				11B7A9381E5AD6A900C8A2E0 /* 在getter初始化中赋值 */,
				11B7A9271E56A92500C8A2E0 /* NSURLComponents加参数 */,
				11B7A9231E55480C00C8A2E0 /* Lottie测试(未完成) */,
				11B7A8EC1E52DA8D00C8A2E0 /* 字符串处理(未完成) */,
				11B7A91C1E543EFE00C8A2E0 /* BaiduAPITest */,
				11B7A9151E53F70100C8A2E0 /* WKWebView测试 */,
				112C5E161E36F8160047DFB4 /* CocoaPods使用 */,
				11D0CB8C1E347742008A12C3 /* UIGestureRecognizer状态 */,
				11FBAA5C1E31B943005D5276 /* NSPredicate相关 */,
				B67C16D51E2DB9050005E718 /* Copy与MutalbeCopy */,
				B6E780DB1E16443300C37950 /* 测试runloop期间可以响应UI */,
				B6E780D11E16099D00C37950 /* NSOperationQueue多线程 */,
				B6724B3F1DEEC9BC00EC6DE4 /* Runtime */,
				B6EA7DEE1DD0156000EBDF72 /* TableView生命周期 */,
				B6EA7C1F1DCB3AB200EBDF72 /* View的生命周期 */,
				B6EC74E91DBF4EBC00B90B88 /* KVO相关 */,
				B6EC74D91DBF2F9200B90B88 /* 轻量化Controller */,
				B6EC74CF1DBF1DA100B90B88 /* category添加新属性 */,
				B6EC74AF1DBF126300B90B88 /* AppDelegate.h */,
				B6EC74B01DBF126300B90B88 /* AppDelegate.m */,
				B6EC74B21DBF126300B90B88 /* ViewController.h */,
				B6EC74B31DBF126300B90B88 /* ViewController.m */,
				B6EC74B51DBF126300B90B88 /* Main.storyboard */,
				B6EC74BA1DBF126300B90B88 /* LaunchScreen.storyboard */,
				B6EC74BD1DBF126300B90B88 /* Info.plist */,
				1121AA471E78E4BE00D6DE06 /* Assets 10-55-22-769.xcassets */,
				B6EC74AC1DBF126300B90B88 /* Supporting Files */,
			);
			path = TestAboutALL;
			sourceTree = "<group>";
		};
		B6EC74AC1DBF126300B90B88 /* Supporting Files */ = {
			isa = PBXGroup;
			children = (
				B6EC74AD1DBF126300B90B88 /* main.m */,
			);
			name = "Supporting Files";
			sourceTree = "<group>";
		};
		B6EC74CF1DBF1DA100B90B88 /* category添加新属性 */ = {
			isa = PBXGroup;
			children = (
				B6EC74D01DBF1DA100B90B88 /* runtime法(int bool id) */,
				B6EC74D31DBF1DA100B90B88 /* 中间变量法 */,
				11B7A93F1E5BE18000C8A2E0 /* CategoryTestViewController.h */,
				11B7A9401E5BE18000C8A2E0 /* CategoryTestViewController.m */,
			);
			path = "category添加新属性";
			sourceTree = "<group>";
		};
		B6EC74D01DBF1DA100B90B88 /* runtime法(int bool id) */ = {
			isa = PBXGroup;
			children = (
				B6EC74D11DBF1DA100B90B88 /* NSObject+Category4NSObjectTestRuntime.h */,
				B6EC74D21DBF1DA100B90B88 /* NSObject+Category4NSObjectTestRuntime.m */,
			);
			name = "runtime法(int bool id)";
			path = "runtime法";
			sourceTree = "<group>";
		};
		B6EC74D31DBF1DA100B90B88 /* 中间变量法 */ = {
			isa = PBXGroup;
			children = (
				B6EC74D51DBF1DD200B90B88 /* NSObject+MiddleVar.h */,
				B6EC74D61DBF1DD200B90B88 /* NSObject+MiddleVar.m */,
			);
			path = "中间变量法";
			sourceTree = "<group>";
		};
		B6EC74D91DBF2F9200B90B88 /* 轻量化Controller */ = {
			isa = PBXGroup;
			children = (
				B64246421DC8694B0006E812 /* 尝试写一个功能全备的TableView */,
				B6EC74DA1DBF2F9200B90B88 /* 将Controller的datasource分离 */,
			);
			path = "轻量化Controller";
			sourceTree = "<group>";
		};
		B6EC74DA1DBF2F9200B90B88 /* 将Controller的datasource分离 */ = {
			isa = PBXGroup;
			children = (
				B6EC74DB1DBF2FBE00B90B88 /* TableViewController.h */,
				B6EC74DC1DBF2FBE00B90B88 /* TableViewController.m */,
				B6EC74DD1DBF2FBE00B90B88 /* TableViewController.xib */,
				B6EC74E61DBF3A0500B90B88 /* Model.h */,
				B6EC74E71DBF3A0500B90B88 /* Model.m */,
				B6EC74E01DBF2FF900B90B88 /* ArrayDataSource.h */,
				B6EC74E11DBF2FF900B90B88 /* ArrayDataSource.m */,
			);
			path = "将Controller的datasource分离";
			sourceTree = "<group>";
		};
		B6EC74E91DBF4EBC00B90B88 /* KVO相关 */ = {
			isa = PBXGroup;
			children = (
				B6EC74EA1DBF4EBC00B90B88 /* KVO */,
			);
			path = "KVO相关";
			sourceTree = "<group>";
		};
		B6EC74EA1DBF4EBC00B90B88 /* KVO */ = {
			isa = PBXGroup;
			children = (
				B6EC74EB1DBF4ED200B90B88 /* KVOTest.h */,
				B6EC74EC1DBF4ED200B90B88 /* KVOTest.m */,
				B6EC74EE1DBF4F5C00B90B88 /* objClass.h */,
				B6EC74EF1DBF4F5C00B90B88 /* objClass.m */,
				B6EC74F11DBF53ED00B90B88 /* KVOViewController.h */,
				B6EC74F21DBF53ED00B90B88 /* KVOViewController.m */,
			);
			path = KVO;
			sourceTree = "<group>";
		};
/* End PBXGroup section */

/* Begin PBXNativeTarget section */
		B6EC74A81DBF126300B90B88 /* TestAboutALL */ = {
			isa = PBXNativeTarget;
			buildConfigurationList = B6EC74C01DBF126300B90B88 /* Build configuration list for PBXNativeTarget "TestAboutALL" */;
			buildPhases = (
				79D12DF01B838413FDD913B0 /* [CP] Check Pods Manifest.lock */,
				B6EC74A51DBF126300B90B88 /* Sources */,
				B6EC74A61DBF126300B90B88 /* Frameworks */,
				B6EC74A71DBF126300B90B88 /* Resources */,
				FCE91522E91C29AC5A350A11 /* [CP] Embed Pods Frameworks */,
				E3B50A5C60209E5FF2923C59 /* [CP] Copy Pods Resources */,
				114E34351E5E80DB0035B8DA /* Embed Frameworks */,
			);
			buildRules = (
			);
			dependencies = (
			);
			name = TestAboutALL;
			productName = TestAboutALL;
			productReference = B6EC74A91DBF126300B90B88 /* TestAboutALL.app */;
			productType = "com.apple.product-type.application";
		};
/* End PBXNativeTarget section */

/* Begin PBXProject section */
		B6EC74A11DBF126300B90B88 /* Project object */ = {
			isa = PBXProject;
			attributes = {
				LastUpgradeCheck = 0800;
				ORGANIZATIONNAME = "周桐";
				TargetAttributes = {
					B6EC74A81DBF126300B90B88 = {
						CreatedOnToolsVersion = 8.0;
						DevelopmentTeam = 4E33RF5MGJ;
						ProvisioningStyle = Automatic;
					};
				};
			};
			buildConfigurationList = B6EC74A41DBF126300B90B88 /* Build configuration list for PBXProject "TestAboutALL" */;
			compatibilityVersion = "Xcode 3.2";
			developmentRegion = English;
			hasScannedForEncodings = 0;
			knownRegions = (
				en,
				Base,
			);
			mainGroup = B6EC74A01DBF126300B90B88;
			productRefGroup = B6EC74AA1DBF126300B90B88 /* Products */;
			projectDirPath = "";
			projectRoot = "";
			targets = (
				B6EC74A81DBF126300B90B88 /* TestAboutALL */,
			);
		};
/* End PBXProject section */

/* Begin PBXResourcesBuildPhase section */
		B6EC74A71DBF126300B90B88 /* Resources */ = {
			isa = PBXResourcesBuildPhase;
			buildActionMask = 2147483647;
			files = (
				B6EC74BC1DBF126300B90B88 /* LaunchScreen.storyboard in Resources */,
				11B7A9501E5C390F00C8A2E0 /* File in Resources */,
				114E34421E5EC5F40035B8DA /* MultiThread.xib in Resources */,
				114D2A8A1E63F3A900EDBCAE /* TestKeychainViewController.xib in Resources */,
				1162C13F1E71469000D25FDD /* UploadImageViewController.xib in Resources */,
				11D68CF71E700DF6006FCDC3 /* AppiumViewController.xib in Resources */,
				11F649AB1E7A3C23000E6FEE /* ScrollInteractViewController.xib in Resources */,
				11F649A21E794A56000E6FEE /* CompilTestViewController.xib in Resources */,
				B6EC74B71DBF126300B90B88 /* Main.storyboard in Resources */,
				1121AA411E78E3C400D6DE06 /* TestExtraFieldViewController.xib in Resources */,
				11098A831E657ADE00AC2497 /* URLProtocolTestViewController.xib in Resources */,
				B6EC74DF1DBF2FBE00B90B88 /* TableViewController.xib in Resources */,
				1121AA331E77971D00D6DE06 /* CubeTransformViewController.xib in Resources */,
				112C5E181E36F81D0047DFB4 /* File in Resources */,
				11098ACC1E681C2600AC2497 /* TestMultiVC.xib in Resources */,
				1121AA481E78E4BE00D6DE06 /* Assets 10-55-22-769.xcassets in Resources */,
				1121AA291E778BD700D6DE06 /* ThreeDTransformViewController.xib in Resources */,
				11098AC61E67C10D00AC2497 /* UIKitTestViewController.xib in Resources */,
				11F649B11E7A60C5000E6FEE /* AntiAliasingViewController.xib in Resources */,
				1121AA461E78E3EB00D6DE06 /* GradientTestViewController.xib in Resources */,
				114E342C1E5E773C0035B8DA /* Annotation in Resources */,
			);
			runOnlyForDeploymentPostprocessing = 0;
		};
/* End PBXResourcesBuildPhase section */

/* Begin PBXShellScriptBuildPhase section */
		79D12DF01B838413FDD913B0 /* [CP] Check Pods Manifest.lock */ = {
			isa = PBXShellScriptBuildPhase;
			buildActionMask = 2147483647;
			files = (
			);
			inputPaths = (
			);
			name = "[CP] Check Pods Manifest.lock";
			outputPaths = (
			);
			runOnlyForDeploymentPostprocessing = 0;
			shellPath = /bin/sh;
			shellScript = "diff \"${PODS_ROOT}/../Podfile.lock\" \"${PODS_ROOT}/Manifest.lock\" > /dev/null\nif [ $? != 0 ] ; then\n    # print error to STDERR\n    echo \"error: The sandbox is not in sync with the Podfile.lock. Run 'pod install' or update your CocoaPods installation.\" >&2\n    exit 1\nfi\n";
			showEnvVarsInLog = 0;
		};
		E3B50A5C60209E5FF2923C59 /* [CP] Copy Pods Resources */ = {
			isa = PBXShellScriptBuildPhase;
			buildActionMask = 2147483647;
			files = (
			);
			inputPaths = (
			);
			name = "[CP] Copy Pods Resources";
			outputPaths = (
			);
			runOnlyForDeploymentPostprocessing = 0;
			shellPath = /bin/sh;
			shellScript = "\"${SRCROOT}/Pods/Target Support Files/Pods-TestAboutALL/Pods-TestAboutALL-resources.sh\"\n";
			showEnvVarsInLog = 0;
		};
		FCE91522E91C29AC5A350A11 /* [CP] Embed Pods Frameworks */ = {
			isa = PBXShellScriptBuildPhase;
			buildActionMask = 2147483647;
			files = (
			);
			inputPaths = (
			);
			name = "[CP] Embed Pods Frameworks";
			outputPaths = (
			);
			runOnlyForDeploymentPostprocessing = 0;
			shellPath = /bin/sh;
			shellScript = "\"${SRCROOT}/Pods/Target Support Files/Pods-TestAboutALL/Pods-TestAboutALL-frameworks.sh\"\n";
			showEnvVarsInLog = 0;
		};
/* End PBXShellScriptBuildPhase section */

/* Begin PBXSourcesBuildPhase section */
		B6EC74A51DBF126300B90B88 /* Sources */ = {
			isa = PBXSourcesBuildPhase;
			buildActionMask = 2147483647;
			files = (
				114E34481E5EE1F20035B8DA /* Enum.m in Sources */,
				11B7A94D1E5C109400C8A2E0 /* TestDictionaryViewController.m in Sources */,
				11B7A93E1E5AD74300C8A2E0 /* TestParamViewController.m in Sources */,
				1121AA451E78E3EB00D6DE06 /* GradientTestViewController.m in Sources */,
				B6EC74B41DBF126300B90B88 /* ViewController.m in Sources */,
				B6EC74DE1DBF2FBE00B90B88 /* TableViewController.m in Sources */,
				B6EC74ED1DBF4ED200B90B88 /* KVOTest.m in Sources */,
				B64246451DC869610006E812 /* SSTableViewController.m in Sources */,
				1121AA2C1E778C4C00D6DE06 /* ThreeDTransformViewController.m in Sources */,
				114E343E1E5E89B50035B8DA /* MultiThreadDownloadViewController.m in Sources */,
				1162C1421E714F2300D25FDD /* PostBodyMakerUtil.m in Sources */,
				B67C16D81E2DB9260005E718 /* CopyAndMuttableCopyViewController.m in Sources */,
				11098AC41E67BE9700AC2497 /* UIKitTestViewController.m in Sources */,
				11098A7B1E65717C00AC2497 /* URLProtocolTest.m in Sources */,
				11098A861E65844E00AC2497 /* NSURLProtocol+WebKitSupport.m in Sources */,
				11B7A93B1E5AD6B800C8A2E0 /* TestParam.m in Sources */,
				11B7A9531E5D2F3900C8A2E0 /* WKWebViewAnotherTestViewController.m in Sources */,
				1121AA401E78E3C400D6DE06 /* TestExtraFieldViewController.m in Sources */,
				11B7A9491E5BF67A00C8A2E0 /* CancellerGCD.m in Sources */,
				114E344B1E5EEA100035B8DA /* MultiThreadDownloader.m in Sources */,
				11B7A92D1E56AE9000C8A2E0 /* TestNSPredicate.m in Sources */,
				B64246481DC869950006E812 /* SSTableViewDataSource.m in Sources */,
				B6EC74F31DBF53ED00B90B88 /* KVOViewController.m in Sources */,
				B6EA7C221DCB3AC100EBDF72 /* MyViewController.m in Sources */,
				114D2A8F1E63FD1900EDBCAE /* ZTKeychainUtil.m in Sources */,
				B6EC74E21DBF2FF900B90B88 /* ArrayDataSource.m in Sources */,
				11098A821E657ADE00AC2497 /* URLProtocolTestViewController.m in Sources */,
				11098ACA1E681BF700AC2497 /* TestMultiItemsViewController.m in Sources */,
				11F649A11E794A56000E6FEE /* CompilTestViewController.m in Sources */,
				11FBAA621E31BAA5005D5276 /* NSPredicateTestViewController.m in Sources */,
				11F649B01E7A60C5000E6FEE /* AntiAliasingViewController.m in Sources */,
				11D0CB8F1E347758008A12C3 /* GestureTestViewController.m in Sources */,
				B6EC74F01DBF4F5C00B90B88 /* objClass.m in Sources */,
				114E342A1E5E772B0035B8DA /* PythonTestViewController.m in Sources */,
				11B7A92A1E56A93B00C8A2E0 /* URLComponentTestViewController.m in Sources */,
				11675F001E602FDB00DD5E52 /* TimersTestViewController.m in Sources */,
				11B7A91F1E543F0D00C8A2E0 /* BaiduAPITestViewController.m in Sources */,
				1121AA311E77970A00D6DE06 /* CubeTransformViewController.m in Sources */,
				B6EC74E81DBF3A0500B90B88 /* Model.m in Sources */,
				114D2A891E63F3A900EDBCAE /* TestKeychainViewController.m in Sources */,
				11098AC11E67AECC00AC2497 /* ZTRuntimeUtil.m in Sources */,
				1162C1461E72AB3700D25FDD /* TestStillMethod.m in Sources */,
				B6EC74D71DBF1DD200B90B88 /* NSObject+MiddleVar.m in Sources */,
				B6EC74B11DBF126300B90B88 /* AppDelegate.m in Sources */,
				11F649AA1E7A3C23000E6FEE /* ScrollInteractViewController.m in Sources */,
				1162C13E1E71469000D25FDD /* UploadImageViewController.m in Sources */,
				11B7A9411E5BE18000C8A2E0 /* CategoryTestViewController.m in Sources */,
				11B7A9261E55481A00C8A2E0 /* LottieTestViewController.m in Sources */,
				B6E780DE1E16444D00C37950 /* TestRunLoopAndWhileViewController.m in Sources */,
				B6E780D41E1609B300C37950 /* TestViewController.m in Sources */,
				11D68CF61E700DF6006FCDC3 /* AppiumViewController.m in Sources */,
				11B7A9221E543FF500C8A2E0 /* Assist.m in Sources */,
				B6EC74AE1DBF126300B90B88 /* main.m in Sources */,
				114E34451E5ED84C0035B8DA /* MultiThreadDownloadManager.m in Sources */,
				11B7A9181E53F70C00C8A2E0 /* WKWebViewTestViewController.m in Sources */,
				B6EA7DF11DD0157200EBDF72 /* LifeCycleTableViewController.m in Sources */,
				B6724B481DEECAAB00EC6DE4 /* NSObject+TestAboutMethodSwizzling.m in Sources */,
				B6E780D71E1609C400C37950 /* TestNSOperation.m in Sources */,
				11B7A8EF1E52DAA000C8A2E0 /* HandleStringViewController.m in Sources */,
				B6EC74D41DBF1DA100B90B88 /* NSObject+Category4NSObjectTestRuntime.m in Sources */,
			);
			runOnlyForDeploymentPostprocessing = 0;
		};
/* End PBXSourcesBuildPhase section */

/* Begin PBXVariantGroup section */
		B6EC74B51DBF126300B90B88 /* Main.storyboard */ = {
			isa = PBXVariantGroup;
			children = (
				B6EC74B61DBF126300B90B88 /* Base */,
			);
			name = Main.storyboard;
			sourceTree = "<group>";
		};
		B6EC74BA1DBF126300B90B88 /* LaunchScreen.storyboard */ = {
			isa = PBXVariantGroup;
			children = (
				B6EC74BB1DBF126300B90B88 /* Base */,
			);
			name = LaunchScreen.storyboard;
			sourceTree = "<group>";
		};
/* End PBXVariantGroup section */

/* Begin XCBuildConfiguration section */
		B6EC74BE1DBF126300B90B88 /* Debug */ = {
			isa = XCBuildConfiguration;
			buildSettings = {
				ALWAYS_SEARCH_USER_PATHS = NO;
				CLANG_ANALYZER_NONNULL = YES;
				CLANG_CXX_LANGUAGE_STANDARD = "gnu++0x";
				CLANG_CXX_LIBRARY = "libc++";
				CLANG_ENABLE_MODULES = YES;
				CLANG_ENABLE_OBJC_ARC = YES;
				CLANG_WARN_BOOL_CONVERSION = YES;
				CLANG_WARN_CONSTANT_CONVERSION = YES;
				CLANG_WARN_DIRECT_OBJC_ISA_USAGE = YES_ERROR;
				CLANG_WARN_DOCUMENTATION_COMMENTS = YES;
				CLANG_WARN_EMPTY_BODY = YES;
				CLANG_WARN_ENUM_CONVERSION = YES;
				CLANG_WARN_INFINITE_RECURSION = YES;
				CLANG_WARN_INT_CONVERSION = YES;
				CLANG_WARN_OBJC_ROOT_CLASS = YES_ERROR;
				CLANG_WARN_SUSPICIOUS_MOVES = YES;
				CLANG_WARN_UNREACHABLE_CODE = YES;
				CLANG_WARN__DUPLICATE_METHOD_MATCH = YES;
				"CODE_SIGN_IDENTITY[sdk=iphoneos*]" = "iPhone Developer";
				COPY_PHASE_STRIP = NO;
				DEBUG_INFORMATION_FORMAT = dwarf;
				ENABLE_STRICT_OBJC_MSGSEND = YES;
				ENABLE_TESTABILITY = YES;
				GCC_C_LANGUAGE_STANDARD = gnu99;
				GCC_DYNAMIC_NO_PIC = NO;
				GCC_NO_COMMON_BLOCKS = YES;
				GCC_OPTIMIZATION_LEVEL = 0;
				GCC_PREPROCESSOR_DEFINITIONS = (
					"DEBUG=1",
					"$(inherited)",
				);
				GCC_WARN_64_TO_32_BIT_CONVERSION = YES;
				GCC_WARN_ABOUT_RETURN_TYPE = YES_ERROR;
				GCC_WARN_UNDECLARED_SELECTOR = YES;
				GCC_WARN_UNINITIALIZED_AUTOS = YES_AGGRESSIVE;
				GCC_WARN_UNUSED_FUNCTION = YES;
				GCC_WARN_UNUSED_VARIABLE = YES;
				IPHONEOS_DEPLOYMENT_TARGET = 10.0;
				MTL_ENABLE_DEBUG_INFO = YES;
				ONLY_ACTIVE_ARCH = YES;
				SDKROOT = iphoneos;
			};
			name = Debug;
		};
		B6EC74BF1DBF126300B90B88 /* Release */ = {
			isa = XCBuildConfiguration;
			buildSettings = {
				ALWAYS_SEARCH_USER_PATHS = NO;
				CLANG_ANALYZER_NONNULL = YES;
				CLANG_CXX_LANGUAGE_STANDARD = "gnu++0x";
				CLANG_CXX_LIBRARY = "libc++";
				CLANG_ENABLE_MODULES = YES;
				CLANG_ENABLE_OBJC_ARC = YES;
				CLANG_WARN_BOOL_CONVERSION = YES;
				CLANG_WARN_CONSTANT_CONVERSION = YES;
				CLANG_WARN_DIRECT_OBJC_ISA_USAGE = YES_ERROR;
				CLANG_WARN_DOCUMENTATION_COMMENTS = YES;
				CLANG_WARN_EMPTY_BODY = YES;
				CLANG_WARN_ENUM_CONVERSION = YES;
				CLANG_WARN_INFINITE_RECURSION = YES;
				CLANG_WARN_INT_CONVERSION = YES;
				CLANG_WARN_OBJC_ROOT_CLASS = YES_ERROR;
				CLANG_WARN_SUSPICIOUS_MOVES = YES;
				CLANG_WARN_UNREACHABLE_CODE = YES;
				CLANG_WARN__DUPLICATE_METHOD_MATCH = YES;
				"CODE_SIGN_IDENTITY[sdk=iphoneos*]" = "iPhone Developer";
				COPY_PHASE_STRIP = NO;
				DEBUG_INFORMATION_FORMAT = "dwarf-with-dsym";
				ENABLE_NS_ASSERTIONS = NO;
				ENABLE_STRICT_OBJC_MSGSEND = YES;
				GCC_C_LANGUAGE_STANDARD = gnu99;
				GCC_NO_COMMON_BLOCKS = YES;
				GCC_WARN_64_TO_32_BIT_CONVERSION = YES;
				GCC_WARN_ABOUT_RETURN_TYPE = YES_ERROR;
				GCC_WARN_UNDECLARED_SELECTOR = YES;
				GCC_WARN_UNINITIALIZED_AUTOS = YES_AGGRESSIVE;
				GCC_WARN_UNUSED_FUNCTION = YES;
				GCC_WARN_UNUSED_VARIABLE = YES;
				IPHONEOS_DEPLOYMENT_TARGET = 10.0;
				MTL_ENABLE_DEBUG_INFO = NO;
				SDKROOT = iphoneos;
				VALIDATE_PRODUCT = YES;
			};
			name = Release;
		};
		B6EC74C11DBF126300B90B88 /* Debug */ = {
			isa = XCBuildConfiguration;
			baseConfigurationReference = E624CC1BB7DCEA73E9954E51 /* Pods-TestAboutALL.debug.xcconfig */;
			buildSettings = {
				ASSETCATALOG_COMPILER_APPICON_NAME = AppIcon;
				DEVELOPMENT_TEAM = 4E33RF5MGJ;
				FRAMEWORK_SEARCH_PATHS = "$(PROJECT_DIR)";
				HEADER_SEARCH_PATHS = (
					"$(inherited)",
					"\"${PODS_ROOT}/Headers/Public\"",
					"\"${PODS_ROOT}/Headers/Public/AFNetworking\"",
					"\"${PODS_ROOT}/Headers/Public/Masonry\"",
					"\"${PODS_ROOT}/Headers/Public/SDWebImage\"",
					/System/Library/Frameworks/Python.framework/Headers,
				);
				INFOPLIST_FILE = TestAboutALL/Info.plist;
				LD_RUNPATH_SEARCH_PATHS = "$(inherited) @executable_path/Frameworks";
				PRODUCT_BUNDLE_IDENTIFIER = Zac.TestAboutALL;
				PRODUCT_NAME = "$(TARGET_NAME)";
				USER_HEADER_SEARCH_PATHS = "$(PODS_ROOT)/**";
			};
			name = Debug;
		};
		B6EC74C21DBF126300B90B88 /* Release */ = {
			isa = XCBuildConfiguration;
			baseConfigurationReference = A9A875FAFBEB49F83EFF6913 /* Pods-TestAboutALL.release.xcconfig */;
			buildSettings = {
				ASSETCATALOG_COMPILER_APPICON_NAME = AppIcon;
				DEVELOPMENT_TEAM = 4E33RF5MGJ;
				FRAMEWORK_SEARCH_PATHS = "$(PROJECT_DIR)";
				HEADER_SEARCH_PATHS = (
					"$(inherited)",
					"\"${PODS_ROOT}/Headers/Public\"",
					"\"${PODS_ROOT}/Headers/Public/AFNetworking\"",
					"\"${PODS_ROOT}/Headers/Public/Masonry\"",
					"\"${PODS_ROOT}/Headers/Public/SDWebImage\"",
					/System/Library/Frameworks/Python.framework/Headers,
				);
				INFOPLIST_FILE = TestAboutALL/Info.plist;
				LD_RUNPATH_SEARCH_PATHS = "$(inherited) @executable_path/Frameworks";
				PRODUCT_BUNDLE_IDENTIFIER = Zac.TestAboutALL;
				PRODUCT_NAME = "$(TARGET_NAME)";
				USER_HEADER_SEARCH_PATHS = "$(PODS_ROOT)/**";
			};
			name = Release;
		};
/* End XCBuildConfiguration section */

/* Begin XCConfigurationList section */
		B6EC74A41DBF126300B90B88 /* Build configuration list for PBXProject "TestAboutALL" */ = {
			isa = XCConfigurationList;
			buildConfigurations = (
				B6EC74BE1DBF126300B90B88 /* Debug */,
				B6EC74BF1DBF126300B90B88 /* Release */,
			);
			defaultConfigurationIsVisible = 0;
			defaultConfigurationName = Release;
		};
		B6EC74C01DBF126300B90B88 /* Build configuration list for PBXNativeTarget "TestAboutALL" */ = {
			isa = XCConfigurationList;
			buildConfigurations = (
				B6EC74C11DBF126300B90B88 /* Debug */,
				B6EC74C21DBF126300B90B88 /* Release */,
			);
			defaultConfigurationIsVisible = 0;
			defaultConfigurationName = Release;
		};
/* End XCConfigurationList section */
	};
	rootObject = B6EC74A11DBF126300B90B88 /* Project object */;
}
